// !$*UTF8*$!
{
	archiveVersion = 1;
	classes = {
	};
	objectVersion = 56;
	objects = {

/* Begin PBXBuildFile section */
		3484749A29D8771300195712 /* Assets.xcassets in Resources */ = {isa = PBXBuildFile; fileRef = 3484749929D8771300195712 /* Assets.xcassets */; };
		3484749D29D8771700195712 /* Preview Assets.xcassets in Resources */ = {isa = PBXBuildFile; fileRef = 3484749C29D8771700195712 /* Preview Assets.xcassets */; };
		348474A029D8772800195712 /* DefaulterApp.swift in Sources */ = {isa = PBXBuildFile; fileRef = 3484749F29D8772800195712 /* DefaulterApp.swift */; };
		348474A429D8773900195712 /* SystemSettings.swift in Sources */ = {isa = PBXBuildFile; fileRef = 348474A329D8773900195712 /* SystemSettings.swift */; };
		348474A729D8774400195712 /* MainWindowView.swift in Sources */ = {isa = PBXBuildFile; fileRef = 348474A629D8774400195712 /* MainWindowView.swift */; };
		348474BA29D8D84000195712 /* Pane.swift in Sources */ = {isa = PBXBuildFile; fileRef = 348474B929D8D84000195712 /* Pane.swift */; };
		348474BC29D8E5D200195712 /* DockPane.swift in Sources */ = {isa = PBXBuildFile; fileRef = 348474BB29D8E5D200195712 /* DockPane.swift */; };
/* End PBXBuildFile section */

/* Begin PBXFileReference section */
		3484748729D8763100195712 /* Defaulter.app */ = {isa = PBXFileReference; explicitFileType = wrapper.application; includeInIndex = 0; path = Defaulter.app; sourceTree = BUILT_PRODUCTS_DIR; };
		3484749929D8771300195712 /* Assets.xcassets */ = {isa = PBXFileReference; lastKnownFileType = folder.assetcatalog; path = Assets.xcassets; sourceTree = "<group>"; };
		3484749C29D8771700195712 /* Preview Assets.xcassets */ = {isa = PBXFileReference; lastKnownFileType = folder.assetcatalog; path = "Preview Assets.xcassets"; sourceTree = "<group>"; };
		3484749E29D8772000195712 /* Defaulter.entitlements */ = {isa = PBXFileReference; lastKnownFileType = text.plist.entitlements; path = Defaulter.entitlements; sourceTree = "<group>"; };
		3484749F29D8772800195712 /* DefaulterApp.swift */ = {isa = PBXFileReference; fileEncoding = 4; lastKnownFileType = sourcecode.swift; path = DefaulterApp.swift; sourceTree = "<group>"; };
		348474A329D8773900195712 /* SystemSettings.swift */ = {isa = PBXFileReference; fileEncoding = 4; lastKnownFileType = sourcecode.swift; path = SystemSettings.swift; sourceTree = "<group>"; };
		348474A629D8774400195712 /* MainWindowView.swift */ = {isa = PBXFileReference; fileEncoding = 4; lastKnownFileType = sourcecode.swift; path = MainWindowView.swift; sourceTree = "<group>"; };
		348474B929D8D84000195712 /* Pane.swift */ = {isa = PBXFileReference; lastKnownFileType = sourcecode.swift; path = Pane.swift; sourceTree = "<group>"; };
		348474BB29D8E5D200195712 /* DockPane.swift */ = {isa = PBXFileReference; lastKnownFileType = sourcecode.swift; path = DockPane.swift; sourceTree = "<group>"; };
/* End PBXFileReference section */

/* Begin PBXFrameworksBuildPhase section */
		3484748429D8763100195712 /* Frameworks */ = {
			isa = PBXFrameworksBuildPhase;
			buildActionMask = 2147483647;
			files = (
			);
			runOnlyForDeploymentPostprocessing = 0;
		};
/* End PBXFrameworksBuildPhase section */

/* Begin PBXGroup section */
		3484747E29D8763100195712 = {
			isa = PBXGroup;
			children = (
				3484748929D8763100195712 /* Defaulter */,
				3484748829D8763100195712 /* Products */,
			);
			sourceTree = "<group>";
		};
		3484748829D8763100195712 /* Products */ = {
			isa = PBXGroup;
			children = (
				3484748729D8763100195712 /* Defaulter.app */,
			);
			name = Products;
			sourceTree = "<group>";
		};
		3484748929D8763100195712 /* Defaulter */ = {
			isa = PBXGroup;
			children = (
				3484749F29D8772800195712 /* DefaulterApp.swift */,
				348474A129D8773900195712 /* Models */,
				348474A529D8774400195712 /* Views */,
				3484749929D8771300195712 /* Assets.xcassets */,
				3484749E29D8772000195712 /* Defaulter.entitlements */,
				3484749B29D8771700195712 /* Preview Content */,
			);
			path = Defaulter;
			sourceTree = "<group>";
		};
		3484749B29D8771700195712 /* Preview Content */ = {
			isa = PBXGroup;
			children = (
				3484749C29D8771700195712 /* Preview Assets.xcassets */,
			);
			path = "Preview Content";
			sourceTree = "<group>";
		};
		348474A129D8773900195712 /* Models */ = {
			isa = PBXGroup;
			children = (
				348474A229D8773900195712 /* System Settings */,
			);
			path = Models;
			sourceTree = "<group>";
		};
		348474A229D8773900195712 /* System Settings */ = {
			isa = PBXGroup;
			children = (
				348474A329D8773900195712 /* SystemSettings.swift */,
			);
			path = "System Settings";
			sourceTree = "<group>";
		};
		348474A529D8774400195712 /* Views */ = {
			isa = PBXGroup;
			children = (
				348474B829D8D83800195712 /* Helpers */,
				348474A629D8774400195712 /* MainWindowView.swift */,
				348474AF29D8BBB000195712 /* Panes */,
			);
			path = Views;
			sourceTree = "<group>";
		};
		348474AF29D8BBB000195712 /* Panes */ = {
			isa = PBXGroup;
			children = (
				348474BB29D8E5D200195712 /* DockPane.swift */,
			);
			path = Panes;
			sourceTree = "<group>";
		};
		348474B829D8D83800195712 /* Helpers */ = {
			isa = PBXGroup;
			children = (
				348474B929D8D84000195712 /* Pane.swift */,
			);
			path = Helpers;
			sourceTree = "<group>";
		};
/* End PBXGroup section */

/* Begin PBXNativeTarget section */
		3484748629D8763100195712 /* Defaulter */ = {
			isa = PBXNativeTarget;
			buildConfigurationList = 3484749629D8763200195712 /* Build configuration list for PBXNativeTarget "Defaulter" */;
			buildPhases = (
				3484748329D8763100195712 /* Sources */,
				3484748429D8763100195712 /* Frameworks */,
				3484748529D8763100195712 /* Resources */,
			);
			buildRules = (
			);
			dependencies = (
			);
			name = Defaulter;
			productName = Defaulter;
			productReference = 3484748729D8763100195712 /* Defaulter.app */;
			productType = "com.apple.product-type.application";
		};
/* End PBXNativeTarget section */

/* Begin PBXProject section */
		3484747F29D8763100195712 /* Project object */ = {
			isa = PBXProject;
			attributes = {
				BuildIndependentTargetsInParallel = 1;
				LastSwiftUpdateCheck = 1430;
				LastUpgradeCheck = 1430;
				TargetAttributes = {
					3484748629D8763100195712 = {
						CreatedOnToolsVersion = 14.3;
						LastSwiftMigration = 1430;
					};
				};
			};
			buildConfigurationList = 3484748229D8763100195712 /* Build configuration list for PBXProject "Defaulter" */;
			compatibilityVersion = "Xcode 14.0";
			developmentRegion = en;
			hasScannedForEncodings = 0;
			knownRegions = (
				en,
				Base,
			);
			mainGroup = 3484747E29D8763100195712;
			productRefGroup = 3484748829D8763100195712 /* Products */;
			projectDirPath = "";
			projectRoot = "";
			targets = (
				3484748629D8763100195712 /* Defaulter */,
			);
		};
/* End PBXProject section */

/* Begin PBXResourcesBuildPhase section */
		3484748529D8763100195712 /* Resources */ = {
			isa = PBXResourcesBuildPhase;
			buildActionMask = 2147483647;
			files = (
				3484749D29D8771700195712 /* Preview Assets.xcassets in Resources */,
				3484749A29D8771300195712 /* Assets.xcassets in Resources */,
			);
			runOnlyForDeploymentPostprocessing = 0;
		};
/* End PBXResourcesBuildPhase section */

/* Begin PBXSourcesBuildPhase section */
		3484748329D8763100195712 /* Sources */ = {
			isa = PBXSourcesBuildPhase;
			buildActionMask = 2147483647;
			files = (
				348474BC29D8E5D200195712 /* DockPane.swift in Sources */,
				348474A029D8772800195712 /* DefaulterApp.swift in Sources */,
				348474A429D8773900195712 /* SystemSettings.swift in Sources */,
				348474BA29D8D84000195712 /* Pane.swift in Sources */,
				348474A729D8774400195712 /* MainWindowView.swift in Sources */,
			);
			runOnlyForDeploymentPostprocessing = 0;
		};
/* End PBXSourcesBuildPhase section */

/* Begin XCBuildConfiguration section */
		3484749429D8763200195712 /* Debug */ = {
			isa = XCBuildConfiguration;
			buildSettings = {
				ALWAYS_SEARCH_USER_PATHS = NO;
				CLANG_ANALYZER_NONNULL = YES;
				CLANG_ANALYZER_NUMBER_OBJECT_CONVERSION = YES_AGGRESSIVE;
				CLANG_CXX_LANGUAGE_STANDARD = "gnu++20";
				CLANG_ENABLE_MODULES = YES;
				CLANG_ENABLE_OBJC_ARC = YES;
				CLANG_ENABLE_OBJC_WEAK = YES;
				CLANG_WARN_BLOCK_CAPTURE_AUTORELEASING = YES;
				CLANG_WARN_BOOL_CONVERSION = YES;
				CLANG_WARN_COMMA = YES;
				CLANG_WARN_CONSTANT_CONVERSION = YES;
				CLANG_WARN_DEPRECATED_OBJC_IMPLEMENTATIONS = YES;
				CLANG_WARN_DIRECT_OBJC_ISA_USAGE = YES_ERROR;
				CLANG_WARN_DOCUMENTATION_COMMENTS = YES;
				CLANG_WARN_EMPTY_BODY = YES;
				CLANG_WARN_ENUM_CONVERSION = YES;
				CLANG_WARN_INFINITE_RECURSION = YES;
				CLANG_WARN_INT_CONVERSION = YES;
				CLANG_WARN_NON_LITERAL_NULL_CONVERSION = YES;
				CLANG_WARN_OBJC_IMPLICIT_RETAIN_SELF = YES;
				CLANG_WARN_OBJC_LITERAL_CONVERSION = YES;
				CLANG_WARN_OBJC_ROOT_CLASS = YES_ERROR;
				CLANG_WARN_QUOTED_INCLUDE_IN_FRAMEWORK_HEADER = YES;
				CLANG_WARN_RANGE_LOOP_ANALYSIS = YES;
				CLANG_WARN_STRICT_PROTOTYPES = YES;
				CLANG_WARN_SUSPICIOUS_MOVE = YES;
				CLANG_WARN_UNGUARDED_AVAILABILITY = YES_AGGRESSIVE;
				CLANG_WARN_UNREACHABLE_CODE = YES;
				CLANG_WARN__DUPLICATE_METHOD_MATCH = YES;
				COPY_PHASE_STRIP = NO;
				DEBUG_INFORMATION_FORMAT = dwarf;
				ENABLE_STRICT_OBJC_MSGSEND = YES;
				ENABLE_TESTABILITY = YES;
				GCC_C_LANGUAGE_STANDARD = gnu11;
				GCC_DYNAMIC_NO_PIC = NO;
				GCC_NO_COMMON_BLOCKS = YES;
				GCC_OPTIMIZATION_LEVEL = 0;
				GCC_PREPROCESSOR_DEFINITIONS = (
					"DEBUG=1",
					"$(inherited)",
				);
				GCC_WARN_64_TO_32_BIT_CONVERSION = YES;
				GCC_WARN_ABOUT_RETURN_TYPE = YES_ERROR;
				GCC_WARN_UNDECLARED_SELECTOR = YES;
				GCC_WARN_UNINITIALIZED_AUTOS = YES_AGGRESSIVE;
				GCC_WARN_UNUSED_FUNCTION = YES;
				GCC_WARN_UNUSED_VARIABLE = YES;
				MACOSX_DEPLOYMENT_TARGET = 13.3;
				MTL_ENABLE_DEBUG_INFO = INCLUDE_SOURCE;
				MTL_FAST_MATH = YES;
				ONLY_ACTIVE_ARCH = YES;
				SDKROOT = macosx;
				SWIFT_ACTIVE_COMPILATION_CONDITIONS = DEBUG;
				SWIFT_OPTIMIZATION_LEVEL = "-Onone";
			};
			name = Debug;
		};
		3484749529D8763200195712 /* Release */ = {
			isa = XCBuildConfiguration;
			buildSettings = {
				ALWAYS_SEARCH_USER_PATHS = NO;
				CLANG_ANALYZER_NONNULL = YES;
				CLANG_ANALYZER_NUMBER_OBJECT_CONVERSION = YES_AGGRESSIVE;
				CLANG_CXX_LANGUAGE_STANDARD = "gnu++20";
				CLANG_ENABLE_MODULES = YES;
				CLANG_ENABLE_OBJC_ARC = YES;
				CLANG_ENABLE_OBJC_WEAK = YES;
				CLANG_WARN_BLOCK_CAPTURE_AUTORELEASING = YES;
				CLANG_WARN_BOOL_CONVERSION = YES;
				CLANG_WARN_COMMA = YES;
				CLANG_WARN_CONSTANT_CONVERSION = YES;
				CLANG_WARN_DEPRECATED_OBJC_IMPLEMENTATIONS = YES;
				CLANG_WARN_DIRECT_OBJC_ISA_USAGE = YES_ERROR;
				CLANG_WARN_DOCUMENTATION_COMMENTS = YES;
				CLANG_WARN_EMPTY_BODY = YES;
				CLANG_WARN_ENUM_CONVERSION = YES;
				CLANG_WARN_INFINITE_RECURSION = YES;
				CLANG_WARN_INT_CONVERSION = YES;
				CLANG_WARN_NON_LITERAL_NULL_CONVERSION = YES;
				CLANG_WARN_OBJC_IMPLICIT_RETAIN_SELF = YES;
				CLANG_WARN_OBJC_LITERAL_CONVERSION = YES;
				CLANG_WARN_OBJC_ROOT_CLASS = YES_ERROR;
				CLANG_WARN_QUOTED_INCLUDE_IN_FRAMEWORK_HEADER = YES;
				CLANG_WARN_RANGE_LOOP_ANALYSIS = YES;
				CLANG_WARN_STRICT_PROTOTYPES = YES;
				CLANG_WARN_SUSPICIOUS_MOVE = YES;
				CLANG_WARN_UNGUARDED_AVAILABILITY = YES_AGGRESSIVE;
				CLANG_WARN_UNREACHABLE_CODE = YES;
				CLANG_WARN__DUPLICATE_METHOD_MATCH = YES;
				COPY_PHASE_STRIP = NO;
				DEBUG_INFORMATION_FORMAT = "dwarf-with-dsym";
				ENABLE_NS_ASSERTIONS = NO;
				ENABLE_STRICT_OBJC_MSGSEND = YES;
				GCC_C_LANGUAGE_STANDARD = gnu11;
				GCC_NO_COMMON_BLOCKS = YES;
				GCC_WARN_64_TO_32_BIT_CONVERSION = YES;
				GCC_WARN_ABOUT_RETURN_TYPE = YES_ERROR;
				GCC_WARN_UNDECLARED_SELECTOR = YES;
				GCC_WARN_UNINITIALIZED_AUTOS = YES_AGGRESSIVE;
				GCC_WARN_UNUSED_FUNCTION = YES;
				GCC_WARN_UNUSED_VARIABLE = YES;
				MACOSX_DEPLOYMENT_TARGET = 13.3;
				MTL_ENABLE_DEBUG_INFO = NO;
				MTL_FAST_MATH = YES;
				SDKROOT = macosx;
				SWIFT_COMPILATION_MODE = wholemodule;
				SWIFT_OPTIMIZATION_LEVEL = "-O";
			};
			name = Release;
		};
		3484749729D8763200195712 /* Debug */ = {
			isa = XCBuildConfiguration;
			buildSettings = {
				ASSETCATALOG_COMPILER_APPICON_NAME = AppIcon;
				ASSETCATALOG_COMPILER_GLOBAL_ACCENT_COLOR_NAME = AccentColor;
				CLANG_ENABLE_MODULES = YES;
				CODE_SIGN_ENTITLEMENTS = Defaulter/Defaulter.entitlements;
				CODE_SIGN_STYLE = Automatic;
				COMBINE_HIDPI_IMAGES = YES;
				CURRENT_PROJECT_VERSION = 1;
				DEVELOPMENT_ASSET_PATHS = "\"Defaulter/Preview Content\"";
				DEVELOPMENT_TEAM = Z3G8V4ANYY;
				ENABLE_HARDENED_RUNTIME = YES;
				ENABLE_PREVIEWS = YES;
				GENERATE_INFOPLIST_FILE = YES;
				INFOPLIST_KEY_NSHumanReadableCopyright = "";
				LD_RUNPATH_SEARCH_PATHS = (
					"$(inherited)",
					"@executable_path/../Frameworks",
				);
				MARKETING_VERSION = 1.0;
				PRODUCT_BUNDLE_IDENTIFIER = com.kascevich.Defaulter;
				PRODUCT_NAME = "$(TARGET_NAME)";
				SWIFT_EMIT_LOC_STRINGS = YES;
				SWIFT_OPTIMIZATION_LEVEL = "-Onone";
				SWIFT_VERSION = 5.0;
			};
			name = Debug;
		};
		3484749829D8763200195712 /* Release */ = {
			isa = XCBuildConfiguration;
			buildSettings = {
				ASSETCATALOG_COMPILER_APPICON_NAME = AppIcon;
				ASSETCATALOG_COMPILER_GLOBAL_ACCENT_COLOR_NAME = AccentColor;
				CLANG_ENABLE_MODULES = YES;
				CODE_SIGN_ENTITLEMENTS = Defaulter/Defaulter.entitlements;
				CODE_SIGN_STYLE = Automatic;
				COMBINE_HIDPI_IMAGES = YES;
				CURRENT_PROJECT_VERSION = 1;
				DEVELOPMENT_ASSET_PATHS = "\"Defaulter/Preview Content\"";
				DEVELOPMENT_TEAM = Z3G8V4ANYY;
				ENABLE_HARDENED_RUNTIME = YES;
				ENABLE_PREVIEWS = YES;
				GENERATE_INFOPLIST_FILE = YES;
				INFOPLIST_KEY_NSHumanReadableCopyright = "";
				LD_RUNPATH_SEARCH_PATHS = (
					"$(inherited)",
					"@executable_path/../Frameworks",
				);
				MARKETING_VERSION = 1.0;
				PRODUCT_BUNDLE_IDENTIFIER = com.kascevich.Defaulter;
				PRODUCT_NAME = "$(TARGET_NAME)";
				SWIFT_EMIT_LOC_STRINGS = YES;
				SWIFT_VERSION = 5.0;
			};
			name = Release;
		};
/* End XCBuildConfiguration section */

/* Begin XCConfigurationList section */
		3484748229D8763100195712 /* Build configuration list for PBXProject "Defaulter" */ = {
			isa = XCConfigurationList;
			buildConfigurations = (
				3484749429D8763200195712 /* Debug */,
				3484749529D8763200195712 /* Release */,
			);
			defaultConfigurationIsVisible = 0;
			defaultConfigurationName = Release;
		};
		3484749629D8763200195712 /* Build configuration list for PBXNativeTarget "Defaulter" */ = {
			isa = XCConfigurationList;
			buildConfigurations = (
				3484749729D8763200195712 /* Debug */,
				3484749829D8763200195712 /* Release */,
			);
			defaultConfigurationIsVisible = 0;
			defaultConfigurationName = Release;
		};
/* End XCConfigurationList section */
	};
	rootObject = 3484747F29D8763100195712 /* Project object */;
}
