// !$*UTF8*$!
{
	archiveVersion = 1;
	classes = {
	};
	objectVersion = 56;
	objects = {

/* Begin PBXBuildFile section */
		346009C129D9083F00D9DAFB /* LaunchpadPane.swift in Sources */ = {isa = PBXBuildFile; fileRef = 346009C029D9083F00D9DAFB /* LaunchpadPane.swift */; };
		346009C329D9086600D9DAFB /* WindowsPane.swift in Sources */ = {isa = PBXBuildFile; fileRef = 346009C229D9086600D9DAFB /* WindowsPane.swift */; };
		346009C529D9087D00D9DAFB /* ScreenshotPane.swift in Sources */ = {isa = PBXBuildFile; fileRef = 346009C429D9087D00D9DAFB /* ScreenshotPane.swift */; };
		346009C729D9089400D9DAFB /* FinderPane.swift in Sources */ = {isa = PBXBuildFile; fileRef = 346009C629D9089400D9DAFB /* FinderPane.swift */; };
		346009C929D908AC00D9DAFB /* QuickLookPane.swift in Sources */ = {isa = PBXBuildFile; fileRef = 346009C829D908AC00D9DAFB /* QuickLookPane.swift */; };
		346009CB29D908BA00D9DAFB /* DesktopPane.swift in Sources */ = {isa = PBXBuildFile; fileRef = 346009CA29D908BA00D9DAFB /* DesktopPane.swift */; };
		346009CF29D908E200D9DAFB /* KeyboardPane.swift in Sources */ = {isa = PBXBuildFile; fileRef = 346009CE29D908E200D9DAFB /* KeyboardPane.swift */; };
		346009D129D908F600D9DAFB /* CrashReporterPane.swift in Sources */ = {isa = PBXBuildFile; fileRef = 346009D029D908F600D9DAFB /* CrashReporterPane.swift */; };
		347B20B329E228A400608C21 /* PaneKit.docc in Sources */ = {isa = PBXBuildFile; fileRef = 347B20B229E228A400608C21 /* PaneKit.docc */; };
		347B20B929E228A400608C21 /* PaneKit.framework in Frameworks */ = {isa = PBXBuildFile; fileRef = 347B20AF29E228A400608C21 /* PaneKit.framework */; };
		347B20C029E228A400608C21 /* PaneKitTests.swift in Sources */ = {isa = PBXBuildFile; fileRef = 347B20BF29E228A400608C21 /* PaneKitTests.swift */; };
		347B20C129E228A400608C21 /* PaneKit.h in Headers */ = {isa = PBXBuildFile; fileRef = 347B20B129E228A400608C21 /* PaneKit.h */; settings = {ATTRIBUTES = (Public, ); }; };
		347B20C429E228A400608C21 /* PaneKit.framework in Frameworks */ = {isa = PBXBuildFile; fileRef = 347B20AF29E228A400608C21 /* PaneKit.framework */; };
		347B20C529E228A400608C21 /* PaneKit.framework in Embed Frameworks */ = {isa = PBXBuildFile; fileRef = 347B20AF29E228A400608C21 /* PaneKit.framework */; settings = {ATTRIBUTES = (CodeSignOnCopy, RemoveHeadersOnCopy, ); }; };
		347B20CE29E22A1E00608C21 /* Pane.swift in Sources */ = {isa = PBXBuildFile; fileRef = 347B20CD29E22A1E00608C21 /* Pane.swift */; };
		347B20D029E22C8700608C21 /* PaneCategory.swift in Sources */ = {isa = PBXBuildFile; fileRef = 347B20CF29E22C8700608C21 /* PaneCategory.swift */; };
		347B20D229E23FC300608C21 /* PaneMetadata.swift in Sources */ = {isa = PBXBuildFile; fileRef = 347B20D129E23FC300608C21 /* PaneMetadata.swift */; };
		3484749A29D8771300195712 /* Assets.xcassets in Resources */ = {isa = PBXBuildFile; fileRef = 3484749929D8771300195712 /* Assets.xcassets */; };
		3484749D29D8771700195712 /* Preview Assets.xcassets in Resources */ = {isa = PBXBuildFile; fileRef = 3484749C29D8771700195712 /* Preview Assets.xcassets */; };
		348474A029D8772800195712 /* DefaulterApp.swift in Sources */ = {isa = PBXBuildFile; fileRef = 3484749F29D8772800195712 /* DefaulterApp.swift */; };
		348474A429D8773900195712 /* Globals.swift in Sources */ = {isa = PBXBuildFile; fileRef = 348474A329D8773900195712 /* Globals.swift */; };
		348474A729D8774400195712 /* MainWindowView.swift in Sources */ = {isa = PBXBuildFile; fileRef = 348474A629D8774400195712 /* MainWindowView.swift */; };
		348474BA29D8D84000195712 /* Pane.swift in Sources */ = {isa = PBXBuildFile; fileRef = 348474B929D8D84000195712 /* Pane.swift */; };
		348474BC29D8E5D200195712 /* DockPane.swift in Sources */ = {isa = PBXBuildFile; fileRef = 348474BB29D8E5D200195712 /* DockPane.swift */; };
		3487E8F229D9FCDC008A18ED /* BatteryPane.swift in Sources */ = {isa = PBXBuildFile; fileRef = 3487E8F129D9FCDC008A18ED /* BatteryPane.swift */; };
		3487E8F429D9FCED008A18ED /* PrintingPane.swift in Sources */ = {isa = PBXBuildFile; fileRef = 3487E8F329D9FCED008A18ED /* PrintingPane.swift */; };
		3487E8F629D9FCFB008A18ED /* SoftwareUpdatePane.swift in Sources */ = {isa = PBXBuildFile; fileRef = 3487E8F529D9FCFB008A18ED /* SoftwareUpdatePane.swift */; };
		3487E8F829D9FD0E008A18ED /* TextEditPane.swift in Sources */ = {isa = PBXBuildFile; fileRef = 3487E8F729D9FD0E008A18ED /* TextEditPane.swift */; };
		3487E8FA29D9FD44008A18ED /* MailPane.swift in Sources */ = {isa = PBXBuildFile; fileRef = 3487E8F929D9FD44008A18ED /* MailPane.swift */; };
		34CF922629DA39F500DE00EC /* AddSpacerButton.swift in Sources */ = {isa = PBXBuildFile; fileRef = 34CF922529DA39F500DE00EC /* AddSpacerButton.swift */; };
		34CFB49229D91AF500081782 /* Credits.html in Resources */ = {isa = PBXBuildFile; fileRef = 34CFB49129D91AF500081782 /* Credits.html */; };
		34CFB49429D91CEB00081782 /* StepperField.swift in Sources */ = {isa = PBXBuildFile; fileRef = 34CFB49329D91CEB00081782 /* StepperField.swift */; };
/* End PBXBuildFile section */

/* Begin PBXContainerItemProxy section */
		347B20BA29E228A400608C21 /* PBXContainerItemProxy */ = {
			isa = PBXContainerItemProxy;
			containerPortal = 3484747F29D8763100195712 /* Project object */;
			proxyType = 1;
			remoteGlobalIDString = 347B20AE29E228A300608C21;
			remoteInfo = PaneKit;
		};
		347B20BC29E228A400608C21 /* PBXContainerItemProxy */ = {
			isa = PBXContainerItemProxy;
			containerPortal = 3484747F29D8763100195712 /* Project object */;
			proxyType = 1;
			remoteGlobalIDString = 3484748629D8763100195712;
			remoteInfo = Defaulter;
		};
		347B20C229E228A400608C21 /* PBXContainerItemProxy */ = {
			isa = PBXContainerItemProxy;
			containerPortal = 3484747F29D8763100195712 /* Project object */;
			proxyType = 1;
			remoteGlobalIDString = 347B20AE29E228A300608C21;
			remoteInfo = PaneKit;
		};
/* End PBXContainerItemProxy section */

/* Begin PBXCopyFilesBuildPhase section */
		34CE078F29DE09FD0087F0C0 /* Embed ExtensionKit Extensions */ = {
			isa = PBXCopyFilesBuildPhase;
			buildActionMask = 2147483647;
			dstPath = "$(EXTENSIONS_FOLDER_PATH)";
			dstSubfolderSpec = 16;
			files = (
			);
			name = "Embed ExtensionKit Extensions";
			runOnlyForDeploymentPostprocessing = 0;
		};
		34CE07B329DE0B620087F0C0 /* Embed Frameworks */ = {
			isa = PBXCopyFilesBuildPhase;
			buildActionMask = 2147483647;
			dstPath = "";
			dstSubfolderSpec = 10;
			files = (
				347B20C529E228A400608C21 /* PaneKit.framework in Embed Frameworks */,
			);
			name = "Embed Frameworks";
			runOnlyForDeploymentPostprocessing = 0;
		};
/* End PBXCopyFilesBuildPhase section */

/* Begin PBXFileReference section */
		346009C029D9083F00D9DAFB /* LaunchpadPane.swift */ = {isa = PBXFileReference; fileEncoding = 4; lastKnownFileType = sourcecode.swift; path = LaunchpadPane.swift; sourceTree = "<group>"; };
		346009C229D9086600D9DAFB /* WindowsPane.swift */ = {isa = PBXFileReference; fileEncoding = 4; lastKnownFileType = sourcecode.swift; path = WindowsPane.swift; sourceTree = "<group>"; };
		346009C429D9087D00D9DAFB /* ScreenshotPane.swift */ = {isa = PBXFileReference; fileEncoding = 4; lastKnownFileType = sourcecode.swift; path = ScreenshotPane.swift; sourceTree = "<group>"; };
		346009C629D9089400D9DAFB /* FinderPane.swift */ = {isa = PBXFileReference; fileEncoding = 4; lastKnownFileType = sourcecode.swift; path = FinderPane.swift; sourceTree = "<group>"; };
		346009C829D908AC00D9DAFB /* QuickLookPane.swift */ = {isa = PBXFileReference; fileEncoding = 4; lastKnownFileType = sourcecode.swift; path = QuickLookPane.swift; sourceTree = "<group>"; };
		346009CA29D908BA00D9DAFB /* DesktopPane.swift */ = {isa = PBXFileReference; fileEncoding = 4; lastKnownFileType = sourcecode.swift; path = DesktopPane.swift; sourceTree = "<group>"; };
		346009CE29D908E200D9DAFB /* KeyboardPane.swift */ = {isa = PBXFileReference; fileEncoding = 4; lastKnownFileType = sourcecode.swift; path = KeyboardPane.swift; sourceTree = "<group>"; };
		346009D029D908F600D9DAFB /* CrashReporterPane.swift */ = {isa = PBXFileReference; fileEncoding = 4; lastKnownFileType = sourcecode.swift; path = CrashReporterPane.swift; sourceTree = "<group>"; };
		347B20AF29E228A400608C21 /* PaneKit.framework */ = {isa = PBXFileReference; explicitFileType = wrapper.framework; includeInIndex = 0; path = PaneKit.framework; sourceTree = BUILT_PRODUCTS_DIR; };
		347B20B129E228A400608C21 /* PaneKit.h */ = {isa = PBXFileReference; lastKnownFileType = sourcecode.c.h; path = PaneKit.h; sourceTree = "<group>"; };
		347B20B229E228A400608C21 /* PaneKit.docc */ = {isa = PBXFileReference; lastKnownFileType = folder.documentationcatalog; path = PaneKit.docc; sourceTree = "<group>"; };
		347B20B829E228A400608C21 /* PaneKitTests.xctest */ = {isa = PBXFileReference; explicitFileType = wrapper.cfbundle; includeInIndex = 0; path = PaneKitTests.xctest; sourceTree = BUILT_PRODUCTS_DIR; };
		347B20BF29E228A400608C21 /* PaneKitTests.swift */ = {isa = PBXFileReference; lastKnownFileType = sourcecode.swift; path = PaneKitTests.swift; sourceTree = "<group>"; };
		347B20CD29E22A1E00608C21 /* Pane.swift */ = {isa = PBXFileReference; lastKnownFileType = sourcecode.swift; path = Pane.swift; sourceTree = "<group>"; };
		347B20CF29E22C8700608C21 /* PaneCategory.swift */ = {isa = PBXFileReference; lastKnownFileType = sourcecode.swift; path = PaneCategory.swift; sourceTree = "<group>"; };
		347B20D129E23FC300608C21 /* PaneMetadata.swift */ = {isa = PBXFileReference; lastKnownFileType = sourcecode.swift; path = PaneMetadata.swift; sourceTree = "<group>"; };
		3484748729D8763100195712 /* Defaulter.app */ = {isa = PBXFileReference; explicitFileType = wrapper.application; includeInIndex = 0; path = Defaulter.app; sourceTree = BUILT_PRODUCTS_DIR; };
		3484749929D8771300195712 /* Assets.xcassets */ = {isa = PBXFileReference; lastKnownFileType = folder.assetcatalog; path = Assets.xcassets; sourceTree = "<group>"; };
		3484749C29D8771700195712 /* Preview Assets.xcassets */ = {isa = PBXFileReference; lastKnownFileType = folder.assetcatalog; path = "Preview Assets.xcassets"; sourceTree = "<group>"; };
		3484749E29D8772000195712 /* Defaulter.entitlements */ = {isa = PBXFileReference; lastKnownFileType = text.plist.entitlements; path = Defaulter.entitlements; sourceTree = "<group>"; };
		3484749F29D8772800195712 /* DefaulterApp.swift */ = {isa = PBXFileReference; fileEncoding = 4; lastKnownFileType = sourcecode.swift; path = DefaulterApp.swift; sourceTree = "<group>"; };
		348474A329D8773900195712 /* Globals.swift */ = {isa = PBXFileReference; fileEncoding = 4; lastKnownFileType = sourcecode.swift; path = Globals.swift; sourceTree = "<group>"; };
		348474A629D8774400195712 /* MainWindowView.swift */ = {isa = PBXFileReference; fileEncoding = 4; lastKnownFileType = sourcecode.swift; path = MainWindowView.swift; sourceTree = "<group>"; };
		348474B929D8D84000195712 /* Pane.swift */ = {isa = PBXFileReference; lastKnownFileType = sourcecode.swift; path = Pane.swift; sourceTree = "<group>"; };
		348474BB29D8E5D200195712 /* DockPane.swift */ = {isa = PBXFileReference; lastKnownFileType = sourcecode.swift; path = DockPane.swift; sourceTree = "<group>"; };
		3487E8F129D9FCDC008A18ED /* BatteryPane.swift */ = {isa = PBXFileReference; fileEncoding = 4; lastKnownFileType = sourcecode.swift; path = BatteryPane.swift; sourceTree = "<group>"; };
		3487E8F329D9FCED008A18ED /* PrintingPane.swift */ = {isa = PBXFileReference; fileEncoding = 4; lastKnownFileType = sourcecode.swift; path = PrintingPane.swift; sourceTree = "<group>"; };
		3487E8F529D9FCFB008A18ED /* SoftwareUpdatePane.swift */ = {isa = PBXFileReference; fileEncoding = 4; lastKnownFileType = sourcecode.swift; path = SoftwareUpdatePane.swift; sourceTree = "<group>"; };
		3487E8F729D9FD0E008A18ED /* TextEditPane.swift */ = {isa = PBXFileReference; fileEncoding = 4; lastKnownFileType = sourcecode.swift; path = TextEditPane.swift; sourceTree = "<group>"; };
		3487E8F929D9FD44008A18ED /* MailPane.swift */ = {isa = PBXFileReference; fileEncoding = 4; lastKnownFileType = sourcecode.swift; path = MailPane.swift; sourceTree = "<group>"; };
		34CF922529DA39F500DE00EC /* AddSpacerButton.swift */ = {isa = PBXFileReference; fileEncoding = 4; lastKnownFileType = sourcecode.swift; path = AddSpacerButton.swift; sourceTree = "<group>"; };
		34CFB49129D91AF500081782 /* Credits.html */ = {isa = PBXFileReference; lastKnownFileType = text.html; path = Credits.html; sourceTree = "<group>"; };
		34CFB49329D91CEB00081782 /* StepperField.swift */ = {isa = PBXFileReference; fileEncoding = 4; lastKnownFileType = sourcecode.swift; path = StepperField.swift; sourceTree = "<group>"; };
/* End PBXFileReference section */

/* Begin PBXFrameworksBuildPhase section */
		347B20AC29E228A300608C21 /* Frameworks */ = {
			isa = PBXFrameworksBuildPhase;
			buildActionMask = 2147483647;
			files = (
			);
			runOnlyForDeploymentPostprocessing = 0;
		};
		347B20B529E228A400608C21 /* Frameworks */ = {
			isa = PBXFrameworksBuildPhase;
			buildActionMask = 2147483647;
			files = (
				347B20B929E228A400608C21 /* PaneKit.framework in Frameworks */,
			);
			runOnlyForDeploymentPostprocessing = 0;
		};
		3484748429D8763100195712 /* Frameworks */ = {
			isa = PBXFrameworksBuildPhase;
			buildActionMask = 2147483647;
			files = (
				347B20C429E228A400608C21 /* PaneKit.framework in Frameworks */,
			);
			runOnlyForDeploymentPostprocessing = 0;
		};
/* End PBXFrameworksBuildPhase section */

/* Begin PBXGroup section */
		346009D229D91A1800D9DAFB /* Resources */ = {
			isa = PBXGroup;
			children = (
				3484749929D8771300195712 /* Assets.xcassets */,
				34CFB49129D91AF500081782 /* Credits.html */,
			);
			path = Resources;
			sourceTree = "<group>";
		};
		347B20B029E228A400608C21 /* PaneKit */ = {
			isa = PBXGroup;
			children = (
				347B20CC29E229F500608C21 /* Pane Definition */,
				347B20B129E228A400608C21 /* PaneKit.h */,
				347B20B229E228A400608C21 /* PaneKit.docc */,
			);
			path = PaneKit;
			sourceTree = "<group>";
		};
		347B20BE29E228A400608C21 /* PaneKitTests */ = {
			isa = PBXGroup;
			children = (
				347B20BF29E228A400608C21 /* PaneKitTests.swift */,
			);
			path = PaneKitTests;
			sourceTree = "<group>";
		};
		347B20CC29E229F500608C21 /* Pane Definition */ = {
			isa = PBXGroup;
			children = (
				347B20CD29E22A1E00608C21 /* Pane.swift */,
				347B20D129E23FC300608C21 /* PaneMetadata.swift */,
				347B20CF29E22C8700608C21 /* PaneCategory.swift */,
			);
			path = "Pane Definition";
			sourceTree = "<group>";
		};
		3484747E29D8763100195712 = {
			isa = PBXGroup;
			children = (
				3484748929D8763100195712 /* Defaulter */,
				347B20B029E228A400608C21 /* PaneKit */,
				347B20BE29E228A400608C21 /* PaneKitTests */,
				3484748829D8763100195712 /* Products */,
			);
			sourceTree = "<group>";
		};
		3484748829D8763100195712 /* Products */ = {
			isa = PBXGroup;
			children = (
				3484748729D8763100195712 /* Defaulter.app */,
				347B20AF29E228A400608C21 /* PaneKit.framework */,
				347B20B829E228A400608C21 /* PaneKitTests.xctest */,
			);
			name = Products;
			sourceTree = "<group>";
		};
		3484748929D8763100195712 /* Defaulter */ = {
			isa = PBXGroup;
			children = (
				3484749E29D8772000195712 /* Defaulter.entitlements */,
				3484749F29D8772800195712 /* DefaulterApp.swift */,
				348474A329D8773900195712 /* Globals.swift */,
				34C5586229E1F5BB00833EDB /* Protocols */,
				348474A529D8774400195712 /* Views */,
				346009D229D91A1800D9DAFB /* Resources */,
				3484749B29D8771700195712 /* Preview Content */,
			);
			path = Defaulter;
			sourceTree = "<group>";
		};
		3484749B29D8771700195712 /* Preview Content */ = {
			isa = PBXGroup;
			children = (
				3484749C29D8771700195712 /* Preview Assets.xcassets */,
			);
			path = "Preview Content";
			sourceTree = "<group>";
		};
		348474A529D8774400195712 /* Views */ = {
			isa = PBXGroup;
			children = (
				348474B829D8D83800195712 /* Helpers */,
				348474A629D8774400195712 /* MainWindowView.swift */,
				348474AF29D8BBB000195712 /* Panes */,
			);
			path = Views;
			sourceTree = "<group>";
		};
		348474AF29D8BBB000195712 /* Panes */ = {
			isa = PBXGroup;
			children = (
				34CF921729DA394400DE00EC /* Dock Pane */,
				34CF921829DA394C00DE00EC /* Launchpad Pane */,
				34CF921929DA395200DE00EC /* Windows Pane */,
				34CF921A29DA395800DE00EC /* Screenshot Pane */,
				34CF921B29DA396500DE00EC /* Finder Pane */,
				34CF921C29DA398600DE00EC /* Quick Look Pane */,
				34CF921D29DA399800DE00EC /* Desktop Pane */,
				34CF921E29DA39A100DE00EC /* Keyboard Pane */,
				34CF921F29DA39AB00DE00EC /* Battery Pane */,
				34CF922029DA39B300DE00EC /* Printing Pane */,
				34CF922129DA39BC00DE00EC /* Software Update Pane */,
				34CF922229DA39C500DE00EC /* Crash Reporter Pane */,
				34CF922329DA39D100DE00EC /* TextEdit Pane */,
				34CF922429DA39D900DE00EC /* Mail Pane */,
			);
			path = Panes;
			sourceTree = "<group>";
		};
		348474B829D8D83800195712 /* Helpers */ = {
			isa = PBXGroup;
			children = (
				34CFB49329D91CEB00081782 /* StepperField.swift */,
			);
			path = Helpers;
			sourceTree = "<group>";
		};
		34C5586229E1F5BB00833EDB /* Protocols */ = {
			isa = PBXGroup;
			children = (
				348474B929D8D84000195712 /* Pane.swift */,
			);
			path = Protocols;
			sourceTree = "<group>";
		};
		34CF921729DA394400DE00EC /* Dock Pane */ = {
			isa = PBXGroup;
			children = (
				348474BB29D8E5D200195712 /* DockPane.swift */,
				34CF922529DA39F500DE00EC /* AddSpacerButton.swift */,
			);
			path = "Dock Pane";
			sourceTree = "<group>";
		};
		34CF921829DA394C00DE00EC /* Launchpad Pane */ = {
			isa = PBXGroup;
			children = (
				346009C029D9083F00D9DAFB /* LaunchpadPane.swift */,
			);
			path = "Launchpad Pane";
			sourceTree = "<group>";
		};
		34CF921929DA395200DE00EC /* Windows Pane */ = {
			isa = PBXGroup;
			children = (
				346009C229D9086600D9DAFB /* WindowsPane.swift */,
			);
			path = "Windows Pane";
			sourceTree = "<group>";
		};
		34CF921A29DA395800DE00EC /* Screenshot Pane */ = {
			isa = PBXGroup;
			children = (
				346009C429D9087D00D9DAFB /* ScreenshotPane.swift */,
			);
			path = "Screenshot Pane";
			sourceTree = "<group>";
		};
		34CF921B29DA396500DE00EC /* Finder Pane */ = {
			isa = PBXGroup;
			children = (
				346009C629D9089400D9DAFB /* FinderPane.swift */,
			);
			path = "Finder Pane";
			sourceTree = "<group>";
		};
		34CF921C29DA398600DE00EC /* Quick Look Pane */ = {
			isa = PBXGroup;
			children = (
				346009C829D908AC00D9DAFB /* QuickLookPane.swift */,
			);
			path = "Quick Look Pane";
			sourceTree = "<group>";
		};
		34CF921D29DA399800DE00EC /* Desktop Pane */ = {
			isa = PBXGroup;
			children = (
				346009CA29D908BA00D9DAFB /* DesktopPane.swift */,
			);
			path = "Desktop Pane";
			sourceTree = "<group>";
		};
		34CF921E29DA39A100DE00EC /* Keyboard Pane */ = {
			isa = PBXGroup;
			children = (
				346009CE29D908E200D9DAFB /* KeyboardPane.swift */,
			);
			path = "Keyboard Pane";
			sourceTree = "<group>";
		};
		34CF921F29DA39AB00DE00EC /* Battery Pane */ = {
			isa = PBXGroup;
			children = (
				3487E8F129D9FCDC008A18ED /* BatteryPane.swift */,
			);
			path = "Battery Pane";
			sourceTree = "<group>";
		};
		34CF922029DA39B300DE00EC /* Printing Pane */ = {
			isa = PBXGroup;
			children = (
				3487E8F329D9FCED008A18ED /* PrintingPane.swift */,
			);
			path = "Printing Pane";
			sourceTree = "<group>";
		};
		34CF922129DA39BC00DE00EC /* Software Update Pane */ = {
			isa = PBXGroup;
			children = (
				3487E8F529D9FCFB008A18ED /* SoftwareUpdatePane.swift */,
			);
			path = "Software Update Pane";
			sourceTree = "<group>";
		};
		34CF922229DA39C500DE00EC /* Crash Reporter Pane */ = {
			isa = PBXGroup;
			children = (
				346009D029D908F600D9DAFB /* CrashReporterPane.swift */,
			);
			path = "Crash Reporter Pane";
			sourceTree = "<group>";
		};
		34CF922329DA39D100DE00EC /* TextEdit Pane */ = {
			isa = PBXGroup;
			children = (
				3487E8F729D9FD0E008A18ED /* TextEditPane.swift */,
			);
			path = "TextEdit Pane";
			sourceTree = "<group>";
		};
		34CF922429DA39D900DE00EC /* Mail Pane */ = {
			isa = PBXGroup;
			children = (
				3487E8F929D9FD44008A18ED /* MailPane.swift */,
			);
			path = "Mail Pane";
			sourceTree = "<group>";
		};
/* End PBXGroup section */

/* Begin PBXHeadersBuildPhase section */
		347B20AA29E228A300608C21 /* Headers */ = {
			isa = PBXHeadersBuildPhase;
			buildActionMask = 2147483647;
			files = (
				347B20C129E228A400608C21 /* PaneKit.h in Headers */,
			);
			runOnlyForDeploymentPostprocessing = 0;
		};
/* End PBXHeadersBuildPhase section */

/* Begin PBXNativeTarget section */
		347B20AE29E228A300608C21 /* PaneKit */ = {
			isa = PBXNativeTarget;
			buildConfigurationList = 347B20CA29E228A400608C21 /* Build configuration list for PBXNativeTarget "PaneKit" */;
			buildPhases = (
				347B20AA29E228A300608C21 /* Headers */,
				347B20AB29E228A300608C21 /* Sources */,
				347B20AC29E228A300608C21 /* Frameworks */,
				347B20AD29E228A300608C21 /* Resources */,
			);
			buildRules = (
			);
			dependencies = (
			);
			name = PaneKit;
			productName = PaneKit;
			productReference = 347B20AF29E228A400608C21 /* PaneKit.framework */;
			productType = "com.apple.product-type.framework";
		};
		347B20B729E228A400608C21 /* PaneKitTests */ = {
			isa = PBXNativeTarget;
			buildConfigurationList = 347B20CB29E228A400608C21 /* Build configuration list for PBXNativeTarget "PaneKitTests" */;
			buildPhases = (
				347B20B429E228A400608C21 /* Sources */,
				347B20B529E228A400608C21 /* Frameworks */,
				347B20B629E228A400608C21 /* Resources */,
			);
			buildRules = (
			);
			dependencies = (
				347B20BB29E228A400608C21 /* PBXTargetDependency */,
				347B20BD29E228A400608C21 /* PBXTargetDependency */,
			);
			name = PaneKitTests;
			productName = PaneKitTests;
			productReference = 347B20B829E228A400608C21 /* PaneKitTests.xctest */;
			productType = "com.apple.product-type.bundle.unit-test";
		};
		3484748629D8763100195712 /* Defaulter */ = {
			isa = PBXNativeTarget;
			buildConfigurationList = 3484749629D8763200195712 /* Build configuration list for PBXNativeTarget "Defaulter" */;
			buildPhases = (
				3484748329D8763100195712 /* Sources */,
				3484748429D8763100195712 /* Frameworks */,
				3484748529D8763100195712 /* Resources */,
				34CE078F29DE09FD0087F0C0 /* Embed ExtensionKit Extensions */,
				34CE07B329DE0B620087F0C0 /* Embed Frameworks */,
			);
			buildRules = (
			);
			dependencies = (
				347B20C329E228A400608C21 /* PBXTargetDependency */,
			);
			name = Defaulter;
			productName = Defaulter;
			productReference = 3484748729D8763100195712 /* Defaulter.app */;
			productType = "com.apple.product-type.application";
		};
/* End PBXNativeTarget section */

/* Begin PBXProject section */
		3484747F29D8763100195712 /* Project object */ = {
			isa = PBXProject;
			attributes = {
				BuildIndependentTargetsInParallel = 1;
				LastSwiftUpdateCheck = 1430;
				LastUpgradeCheck = 1430;
				TargetAttributes = {
					347B20AE29E228A300608C21 = {
						CreatedOnToolsVersion = 14.3;
					};
					347B20B729E228A400608C21 = {
						CreatedOnToolsVersion = 14.3;
						TestTargetID = 3484748629D8763100195712;
					};
					3484748629D8763100195712 = {
						CreatedOnToolsVersion = 14.3;
						LastSwiftMigration = 1430;
					};
				};
			};
			buildConfigurationList = 3484748229D8763100195712 /* Build configuration list for PBXProject "Defaulter" */;
			compatibilityVersion = "Xcode 14.0";
			developmentRegion = en;
			hasScannedForEncodings = 0;
			knownRegions = (
				en,
				Base,
			);
			mainGroup = 3484747E29D8763100195712;
			productRefGroup = 3484748829D8763100195712 /* Products */;
			projectDirPath = "";
			projectRoot = "";
			targets = (
				3484748629D8763100195712 /* Defaulter */,
				347B20AE29E228A300608C21 /* PaneKit */,
				347B20B729E228A400608C21 /* PaneKitTests */,
			);
		};
/* End PBXProject section */

/* Begin PBXResourcesBuildPhase section */
		347B20AD29E228A300608C21 /* Resources */ = {
			isa = PBXResourcesBuildPhase;
			buildActionMask = 2147483647;
			files = (
			);
			runOnlyForDeploymentPostprocessing = 0;
		};
		347B20B629E228A400608C21 /* Resources */ = {
			isa = PBXResourcesBuildPhase;
			buildActionMask = 2147483647;
			files = (
			);
			runOnlyForDeploymentPostprocessing = 0;
		};
		3484748529D8763100195712 /* Resources */ = {
			isa = PBXResourcesBuildPhase;
			buildActionMask = 2147483647;
			files = (
				3484749D29D8771700195712 /* Preview Assets.xcassets in Resources */,
				34CFB49229D91AF500081782 /* Credits.html in Resources */,
				3484749A29D8771300195712 /* Assets.xcassets in Resources */,
			);
			runOnlyForDeploymentPostprocessing = 0;
		};
/* End PBXResourcesBuildPhase section */

/* Begin PBXSourcesBuildPhase section */
		347B20AB29E228A300608C21 /* Sources */ = {
			isa = PBXSourcesBuildPhase;
			buildActionMask = 2147483647;
			files = (
				347B20D029E22C8700608C21 /* PaneCategory.swift in Sources */,
				347B20B329E228A400608C21 /* PaneKit.docc in Sources */,
				347B20D229E23FC300608C21 /* PaneMetadata.swift in Sources */,
				347B20CE29E22A1E00608C21 /* Pane.swift in Sources */,
			);
			runOnlyForDeploymentPostprocessing = 0;
		};
		347B20B429E228A400608C21 /* Sources */ = {
			isa = PBXSourcesBuildPhase;
			buildActionMask = 2147483647;
			files = (
				347B20C029E228A400608C21 /* PaneKitTests.swift in Sources */,
			);
			runOnlyForDeploymentPostprocessing = 0;
		};
		3484748329D8763100195712 /* Sources */ = {
			isa = PBXSourcesBuildPhase;
			buildActionMask = 2147483647;
			files = (
				348474BC29D8E5D200195712 /* DockPane.swift in Sources */,
				3487E8F629D9FCFB008A18ED /* SoftwareUpdatePane.swift in Sources */,
				346009C529D9087D00D9DAFB /* ScreenshotPane.swift in Sources */,
				34CF922629DA39F500DE00EC /* AddSpacerButton.swift in Sources */,
				3487E8FA29D9FD44008A18ED /* MailPane.swift in Sources */,
				34CFB49429D91CEB00081782 /* StepperField.swift in Sources */,
				3487E8F829D9FD0E008A18ED /* TextEditPane.swift in Sources */,
				346009D129D908F600D9DAFB /* CrashReporterPane.swift in Sources */,
				348474A029D8772800195712 /* DefaulterApp.swift in Sources */,
				346009C329D9086600D9DAFB /* WindowsPane.swift in Sources */,
				346009C929D908AC00D9DAFB /* QuickLookPane.swift in Sources */,
				346009C129D9083F00D9DAFB /* LaunchpadPane.swift in Sources */,
				346009CB29D908BA00D9DAFB /* DesktopPane.swift in Sources */,
				348474A429D8773900195712 /* Globals.swift in Sources */,
				3487E8F229D9FCDC008A18ED /* BatteryPane.swift in Sources */,
				348474BA29D8D84000195712 /* Pane.swift in Sources */,
				3487E8F429D9FCED008A18ED /* PrintingPane.swift in Sources */,
				346009C729D9089400D9DAFB /* FinderPane.swift in Sources */,
				348474A729D8774400195712 /* MainWindowView.swift in Sources */,
				346009CF29D908E200D9DAFB /* KeyboardPane.swift in Sources */,
			);
			runOnlyForDeploymentPostprocessing = 0;
		};
/* End PBXSourcesBuildPhase section */

/* Begin PBXTargetDependency section */
		347B20BB29E228A400608C21 /* PBXTargetDependency */ = {
			isa = PBXTargetDependency;
			target = 347B20AE29E228A300608C21 /* PaneKit */;
			targetProxy = 347B20BA29E228A400608C21 /* PBXContainerItemProxy */;
		};
		347B20BD29E228A400608C21 /* PBXTargetDependency */ = {
			isa = PBXTargetDependency;
			target = 3484748629D8763100195712 /* Defaulter */;
			targetProxy = 347B20BC29E228A400608C21 /* PBXContainerItemProxy */;
		};
		347B20C329E228A400608C21 /* PBXTargetDependency */ = {
			isa = PBXTargetDependency;
			target = 347B20AE29E228A300608C21 /* PaneKit */;
			targetProxy = 347B20C229E228A400608C21 /* PBXContainerItemProxy */;
		};
/* End PBXTargetDependency section */

/* Begin XCBuildConfiguration section */
		347B20C629E228A400608C21 /* Debug */ = {
			isa = XCBuildConfiguration;
			buildSettings = {
				CODE_SIGN_STYLE = Automatic;
				COMBINE_HIDPI_IMAGES = YES;
				CURRENT_PROJECT_VERSION = 1;
				DEFINES_MODULE = YES;
				DEVELOPMENT_TEAM = Z3G8V4ANYY;
				DYLIB_COMPATIBILITY_VERSION = 1;
				DYLIB_CURRENT_VERSION = 1;
				DYLIB_INSTALL_NAME_BASE = "@rpath";
				ENABLE_MODULE_VERIFIER = YES;
				GENERATE_INFOPLIST_FILE = YES;
				INFOPLIST_KEY_NSHumanReadableCopyright = "";
				INSTALL_PATH = "$(LOCAL_LIBRARY_DIR)/Frameworks";
				LD_RUNPATH_SEARCH_PATHS = (
					"$(inherited)",
					"@executable_path/../Frameworks",
					"@loader_path/Frameworks",
				);
				MARKETING_VERSION = 1.0;
				MODULE_VERIFIER_SUPPORTED_LANGUAGES = "objective-c objective-c++";
				MODULE_VERIFIER_SUPPORTED_LANGUAGE_STANDARDS = "gnu11 gnu++20";
				PRODUCT_BUNDLE_IDENTIFIER = com.kascevich.PaneKit;
				PRODUCT_NAME = "$(TARGET_NAME:c99extidentifier)";
				SKIP_INSTALL = YES;
				SWIFT_EMIT_LOC_STRINGS = YES;
				SWIFT_VERSION = 5.0;
				VERSIONING_SYSTEM = "apple-generic";
				VERSION_INFO_PREFIX = "";
			};
			name = Debug;
		};
		347B20C729E228A400608C21 /* Release */ = {
			isa = XCBuildConfiguration;
			buildSettings = {
				CODE_SIGN_STYLE = Automatic;
				COMBINE_HIDPI_IMAGES = YES;
				CURRENT_PROJECT_VERSION = 1;
				DEFINES_MODULE = YES;
				DEVELOPMENT_TEAM = Z3G8V4ANYY;
				DYLIB_COMPATIBILITY_VERSION = 1;
				DYLIB_CURRENT_VERSION = 1;
				DYLIB_INSTALL_NAME_BASE = "@rpath";
				ENABLE_MODULE_VERIFIER = YES;
				GENERATE_INFOPLIST_FILE = YES;
				INFOPLIST_KEY_NSHumanReadableCopyright = "";
				INSTALL_PATH = "$(LOCAL_LIBRARY_DIR)/Frameworks";
				LD_RUNPATH_SEARCH_PATHS = (
					"$(inherited)",
					"@executable_path/../Frameworks",
					"@loader_path/Frameworks",
				);
				MARKETING_VERSION = 1.0;
				MODULE_VERIFIER_SUPPORTED_LANGUAGES = "objective-c objective-c++";
				MODULE_VERIFIER_SUPPORTED_LANGUAGE_STANDARDS = "gnu11 gnu++20";
				PRODUCT_BUNDLE_IDENTIFIER = com.kascevich.PaneKit;
				PRODUCT_NAME = "$(TARGET_NAME:c99extidentifier)";
				SKIP_INSTALL = YES;
				SWIFT_EMIT_LOC_STRINGS = YES;
				SWIFT_VERSION = 5.0;
				VERSIONING_SYSTEM = "apple-generic";
				VERSION_INFO_PREFIX = "";
			};
			name = Release;
		};
		347B20C829E228A400608C21 /* Debug */ = {
			isa = XCBuildConfiguration;
			buildSettings = {
				ALWAYS_EMBED_SWIFT_STANDARD_LIBRARIES = YES;
				CODE_SIGN_STYLE = Automatic;
				CURRENT_PROJECT_VERSION = 1;
				DEVELOPMENT_TEAM = Z3G8V4ANYY;
				GENERATE_INFOPLIST_FILE = YES;
				MARKETING_VERSION = 1.0;
				PRODUCT_BUNDLE_IDENTIFIER = com.kascevich.PaneKitTests;
				PRODUCT_NAME = "$(TARGET_NAME)";
				SWIFT_EMIT_LOC_STRINGS = NO;
				SWIFT_VERSION = 5.0;
				TEST_HOST = "$(BUILT_PRODUCTS_DIR)/Defaulter.app/$(BUNDLE_EXECUTABLE_FOLDER_PATH)/Defaulter";
			};
			name = Debug;
		};
		347B20C929E228A400608C21 /* Release */ = {
			isa = XCBuildConfiguration;
			buildSettings = {
				ALWAYS_EMBED_SWIFT_STANDARD_LIBRARIES = YES;
				CODE_SIGN_STYLE = Automatic;
				CURRENT_PROJECT_VERSION = 1;
				DEVELOPMENT_TEAM = Z3G8V4ANYY;
				GENERATE_INFOPLIST_FILE = YES;
				MARKETING_VERSION = 1.0;
				PRODUCT_BUNDLE_IDENTIFIER = com.kascevich.PaneKitTests;
				PRODUCT_NAME = "$(TARGET_NAME)";
				SWIFT_EMIT_LOC_STRINGS = NO;
				SWIFT_VERSION = 5.0;
				TEST_HOST = "$(BUILT_PRODUCTS_DIR)/Defaulter.app/$(BUNDLE_EXECUTABLE_FOLDER_PATH)/Defaulter";
			};
			name = Release;
		};
		3484749429D8763200195712 /* Debug */ = {
			isa = XCBuildConfiguration;
			buildSettings = {
				ALWAYS_SEARCH_USER_PATHS = NO;
				CLANG_ANALYZER_NONNULL = YES;
				CLANG_ANALYZER_NUMBER_OBJECT_CONVERSION = YES_AGGRESSIVE;
				CLANG_CXX_LANGUAGE_STANDARD = "gnu++20";
				CLANG_ENABLE_MODULES = YES;
				CLANG_ENABLE_OBJC_ARC = YES;
				CLANG_ENABLE_OBJC_WEAK = YES;
				CLANG_WARN_BLOCK_CAPTURE_AUTORELEASING = YES;
				CLANG_WARN_BOOL_CONVERSION = YES;
				CLANG_WARN_COMMA = YES;
				CLANG_WARN_CONSTANT_CONVERSION = YES;
				CLANG_WARN_DEPRECATED_OBJC_IMPLEMENTATIONS = YES;
				CLANG_WARN_DIRECT_OBJC_ISA_USAGE = YES_ERROR;
				CLANG_WARN_DOCUMENTATION_COMMENTS = YES;
				CLANG_WARN_EMPTY_BODY = YES;
				CLANG_WARN_ENUM_CONVERSION = YES;
				CLANG_WARN_INFINITE_RECURSION = YES;
				CLANG_WARN_INT_CONVERSION = YES;
				CLANG_WARN_NON_LITERAL_NULL_CONVERSION = YES;
				CLANG_WARN_OBJC_IMPLICIT_RETAIN_SELF = YES;
				CLANG_WARN_OBJC_LITERAL_CONVERSION = YES;
				CLANG_WARN_OBJC_ROOT_CLASS = YES_ERROR;
				CLANG_WARN_QUOTED_INCLUDE_IN_FRAMEWORK_HEADER = YES;
				CLANG_WARN_RANGE_LOOP_ANALYSIS = YES;
				CLANG_WARN_STRICT_PROTOTYPES = YES;
				CLANG_WARN_SUSPICIOUS_MOVE = YES;
				CLANG_WARN_UNGUARDED_AVAILABILITY = YES_AGGRESSIVE;
				CLANG_WARN_UNREACHABLE_CODE = YES;
				CLANG_WARN__DUPLICATE_METHOD_MATCH = YES;
				COPY_PHASE_STRIP = NO;
				DEBUG_INFORMATION_FORMAT = dwarf;
				ENABLE_STRICT_OBJC_MSGSEND = YES;
				ENABLE_TESTABILITY = YES;
				GCC_C_LANGUAGE_STANDARD = gnu11;
				GCC_DYNAMIC_NO_PIC = NO;
				GCC_NO_COMMON_BLOCKS = YES;
				GCC_OPTIMIZATION_LEVEL = 0;
				GCC_PREPROCESSOR_DEFINITIONS = (
					"DEBUG=1",
					"$(inherited)",
				);
				GCC_WARN_64_TO_32_BIT_CONVERSION = YES;
				GCC_WARN_ABOUT_RETURN_TYPE = YES_ERROR;
				GCC_WARN_UNDECLARED_SELECTOR = YES;
				GCC_WARN_UNINITIALIZED_AUTOS = YES_AGGRESSIVE;
				GCC_WARN_UNUSED_FUNCTION = YES;
				GCC_WARN_UNUSED_VARIABLE = YES;
				MACOSX_DEPLOYMENT_TARGET = 13.3;
				MTL_ENABLE_DEBUG_INFO = INCLUDE_SOURCE;
				MTL_FAST_MATH = YES;
				ONLY_ACTIVE_ARCH = YES;
				SDKROOT = macosx;
				SWIFT_ACTIVE_COMPILATION_CONDITIONS = DEBUG;
				SWIFT_OPTIMIZATION_LEVEL = "-Onone";
			};
			name = Debug;
		};
		3484749529D8763200195712 /* Release */ = {
			isa = XCBuildConfiguration;
			buildSettings = {
				ALWAYS_SEARCH_USER_PATHS = NO;
				CLANG_ANALYZER_NONNULL = YES;
				CLANG_ANALYZER_NUMBER_OBJECT_CONVERSION = YES_AGGRESSIVE;
				CLANG_CXX_LANGUAGE_STANDARD = "gnu++20";
				CLANG_ENABLE_MODULES = YES;
				CLANG_ENABLE_OBJC_ARC = YES;
				CLANG_ENABLE_OBJC_WEAK = YES;
				CLANG_WARN_BLOCK_CAPTURE_AUTORELEASING = YES;
				CLANG_WARN_BOOL_CONVERSION = YES;
				CLANG_WARN_COMMA = YES;
				CLANG_WARN_CONSTANT_CONVERSION = YES;
				CLANG_WARN_DEPRECATED_OBJC_IMPLEMENTATIONS = YES;
				CLANG_WARN_DIRECT_OBJC_ISA_USAGE = YES_ERROR;
				CLANG_WARN_DOCUMENTATION_COMMENTS = YES;
				CLANG_WARN_EMPTY_BODY = YES;
				CLANG_WARN_ENUM_CONVERSION = YES;
				CLANG_WARN_INFINITE_RECURSION = YES;
				CLANG_WARN_INT_CONVERSION = YES;
				CLANG_WARN_NON_LITERAL_NULL_CONVERSION = YES;
				CLANG_WARN_OBJC_IMPLICIT_RETAIN_SELF = YES;
				CLANG_WARN_OBJC_LITERAL_CONVERSION = YES;
				CLANG_WARN_OBJC_ROOT_CLASS = YES_ERROR;
				CLANG_WARN_QUOTED_INCLUDE_IN_FRAMEWORK_HEADER = YES;
				CLANG_WARN_RANGE_LOOP_ANALYSIS = YES;
				CLANG_WARN_STRICT_PROTOTYPES = YES;
				CLANG_WARN_SUSPICIOUS_MOVE = YES;
				CLANG_WARN_UNGUARDED_AVAILABILITY = YES_AGGRESSIVE;
				CLANG_WARN_UNREACHABLE_CODE = YES;
				CLANG_WARN__DUPLICATE_METHOD_MATCH = YES;
				COPY_PHASE_STRIP = NO;
				DEBUG_INFORMATION_FORMAT = "dwarf-with-dsym";
				ENABLE_NS_ASSERTIONS = NO;
				ENABLE_STRICT_OBJC_MSGSEND = YES;
				GCC_C_LANGUAGE_STANDARD = gnu11;
				GCC_NO_COMMON_BLOCKS = YES;
				GCC_WARN_64_TO_32_BIT_CONVERSION = YES;
				GCC_WARN_ABOUT_RETURN_TYPE = YES_ERROR;
				GCC_WARN_UNDECLARED_SELECTOR = YES;
				GCC_WARN_UNINITIALIZED_AUTOS = YES_AGGRESSIVE;
				GCC_WARN_UNUSED_FUNCTION = YES;
				GCC_WARN_UNUSED_VARIABLE = YES;
				MACOSX_DEPLOYMENT_TARGET = 13.3;
				MTL_ENABLE_DEBUG_INFO = NO;
				MTL_FAST_MATH = YES;
				SDKROOT = macosx;
				SWIFT_COMPILATION_MODE = wholemodule;
				SWIFT_OPTIMIZATION_LEVEL = "-O";
			};
			name = Release;
		};
		3484749729D8763200195712 /* Debug */ = {
			isa = XCBuildConfiguration;
			buildSettings = {
				ALWAYS_EMBED_SWIFT_STANDARD_LIBRARIES = YES;
				ASSETCATALOG_COMPILER_APPICON_NAME = AppIcon;
				ASSETCATALOG_COMPILER_GLOBAL_ACCENT_COLOR_NAME = AccentColor;
				CLANG_ENABLE_MODULES = YES;
				CODE_SIGN_ENTITLEMENTS = Defaulter/Defaulter.entitlements;
				CODE_SIGN_STYLE = Automatic;
				COMBINE_HIDPI_IMAGES = YES;
				CURRENT_PROJECT_VERSION = 1;
				DEVELOPMENT_ASSET_PATHS = "\"Defaulter/Preview Content\"";
				DEVELOPMENT_TEAM = Z3G8V4ANYY;
				ENABLE_HARDENED_RUNTIME = YES;
				ENABLE_PREVIEWS = YES;
				GENERATE_INFOPLIST_FILE = YES;
				INFOPLIST_KEY_NSHumanReadableCopyright = "Copyright ©2023 Kaleb Ascevich";
				LD_RUNPATH_SEARCH_PATHS = (
					"$(inherited)",
					"@executable_path/../Frameworks",
				);
				MARKETING_VERSION = 1.0;
				PRODUCT_BUNDLE_IDENTIFIER = com.kascevich.Defaulter;
				PRODUCT_NAME = "$(TARGET_NAME)";
				SWIFT_EMIT_LOC_STRINGS = YES;
				SWIFT_OPTIMIZATION_LEVEL = "-Onone";
				SWIFT_VERSION = 5.0;
			};
			name = Debug;
		};
		3484749829D8763200195712 /* Release */ = {
			isa = XCBuildConfiguration;
			buildSettings = {
				ALWAYS_EMBED_SWIFT_STANDARD_LIBRARIES = YES;
				ASSETCATALOG_COMPILER_APPICON_NAME = AppIcon;
				ASSETCATALOG_COMPILER_GLOBAL_ACCENT_COLOR_NAME = AccentColor;
				CLANG_ENABLE_MODULES = YES;
				CODE_SIGN_ENTITLEMENTS = Defaulter/Defaulter.entitlements;
				CODE_SIGN_STYLE = Automatic;
				COMBINE_HIDPI_IMAGES = YES;
				CURRENT_PROJECT_VERSION = 1;
				DEVELOPMENT_ASSET_PATHS = "\"Defaulter/Preview Content\"";
				DEVELOPMENT_TEAM = Z3G8V4ANYY;
				ENABLE_HARDENED_RUNTIME = YES;
				ENABLE_PREVIEWS = YES;
				GENERATE_INFOPLIST_FILE = YES;
				INFOPLIST_KEY_NSHumanReadableCopyright = "Copyright ©2023 Kaleb Ascevich";
				LD_RUNPATH_SEARCH_PATHS = (
					"$(inherited)",
					"@executable_path/../Frameworks",
				);
				MARKETING_VERSION = 1.0;
				PRODUCT_BUNDLE_IDENTIFIER = com.kascevich.Defaulter;
				PRODUCT_NAME = "$(TARGET_NAME)";
				SWIFT_EMIT_LOC_STRINGS = YES;
				SWIFT_VERSION = 5.0;
			};
			name = Release;
		};
/* End XCBuildConfiguration section */

/* Begin XCConfigurationList section */
		347B20CA29E228A400608C21 /* Build configuration list for PBXNativeTarget "PaneKit" */ = {
			isa = XCConfigurationList;
			buildConfigurations = (
				347B20C629E228A400608C21 /* Debug */,
				347B20C729E228A400608C21 /* Release */,
			);
			defaultConfigurationIsVisible = 0;
			defaultConfigurationName = Release;
		};
		347B20CB29E228A400608C21 /* Build configuration list for PBXNativeTarget "PaneKitTests" */ = {
			isa = XCConfigurationList;
			buildConfigurations = (
				347B20C829E228A400608C21 /* Debug */,
				347B20C929E228A400608C21 /* Release */,
			);
			defaultConfigurationIsVisible = 0;
			defaultConfigurationName = Release;
		};
		3484748229D8763100195712 /* Build configuration list for PBXProject "Defaulter" */ = {
			isa = XCConfigurationList;
			buildConfigurations = (
				3484749429D8763200195712 /* Debug */,
				3484749529D8763200195712 /* Release */,
			);
			defaultConfigurationIsVisible = 0;
			defaultConfigurationName = Release;
		};
		3484749629D8763200195712 /* Build configuration list for PBXNativeTarget "Defaulter" */ = {
			isa = XCConfigurationList;
			buildConfigurations = (
				3484749729D8763200195712 /* Debug */,
				3484749829D8763200195712 /* Release */,
			);
			defaultConfigurationIsVisible = 0;
			defaultConfigurationName = Release;
		};
/* End XCConfigurationList section */
	};
	rootObject = 3484747F29D8763100195712 /* Project object */;
}
