// !$*UTF8*$!
{
	archiveVersion = 1;
	classes = {
	};
	objectVersion = 56;
	objects = {

/* Begin PBXBuildFile section */
		348BFF8C29E382E500E879C2 /* SystemSettings.swift in Sources */ = {isa = PBXBuildFile; fileRef = 348BFF6129E382E500E879C2 /* SystemSettings.swift */; };
		348BFF8D29E382E500E879C2 /* DefaulterApp.swift in Sources */ = {isa = PBXBuildFile; fileRef = 348BFF6229E382E500E879C2 /* DefaulterApp.swift */; };
		348BFF9229E382E500E879C2 /* KeyboardPane.swift in Sources */ = {isa = PBXBuildFile; fileRef = 348BFF6B29E382E500E879C2 /* KeyboardPane.swift */; };
		348BFF9329E382E500E879C2 /* LaunchpadPane.swift in Sources */ = {isa = PBXBuildFile; fileRef = 348BFF6D29E382E500E879C2 /* LaunchpadPane.swift */; };
		348BFF9429E382E500E879C2 /* QuickLookPane.swift in Sources */ = {isa = PBXBuildFile; fileRef = 348BFF6F29E382E500E879C2 /* QuickLookPane.swift */; };
		348BFF9529E382E500E879C2 /* CrashReporterPane.swift in Sources */ = {isa = PBXBuildFile; fileRef = 348BFF7129E382E500E879C2 /* CrashReporterPane.swift */; };
		348BFF9629E382E500E879C2 /* FinderPane.swift in Sources */ = {isa = PBXBuildFile; fileRef = 348BFF7329E382E500E879C2 /* FinderPane.swift */; };
		348BFF9729E382E500E879C2 /* DockPane.swift in Sources */ = {isa = PBXBuildFile; fileRef = 348BFF7529E382E500E879C2 /* DockPane.swift */; };
		348BFF9829E382E500E879C2 /* AddSpacerButton.swift in Sources */ = {isa = PBXBuildFile; fileRef = 348BFF7629E382E500E879C2 /* AddSpacerButton.swift */; };
		348BFF9929E382E500E879C2 /* DesktopPane.swift in Sources */ = {isa = PBXBuildFile; fileRef = 348BFF7829E382E500E879C2 /* DesktopPane.swift */; };
		348BFF9A29E382E500E879C2 /* SoftwareUpdatePane.swift in Sources */ = {isa = PBXBuildFile; fileRef = 348BFF7A29E382E500E879C2 /* SoftwareUpdatePane.swift */; };
		348BFF9B29E382E500E879C2 /* ScreenshotPane.swift in Sources */ = {isa = PBXBuildFile; fileRef = 348BFF7C29E382E500E879C2 /* ScreenshotPane.swift */; };
		348BFF9C29E382E500E879C2 /* BatteryPane.swift in Sources */ = {isa = PBXBuildFile; fileRef = 348BFF7E29E382E500E879C2 /* BatteryPane.swift */; };
		348BFF9D29E382E500E879C2 /* TextEditPane.swift in Sources */ = {isa = PBXBuildFile; fileRef = 348BFF8029E382E500E879C2 /* TextEditPane.swift */; };
		348BFF9E29E382E500E879C2 /* WindowsPane.swift in Sources */ = {isa = PBXBuildFile; fileRef = 348BFF8229E382E500E879C2 /* WindowsPane.swift */; };
		348BFF9F29E382E500E879C2 /* MailPane.swift in Sources */ = {isa = PBXBuildFile; fileRef = 348BFF8429E382E500E879C2 /* MailPane.swift */; };
		348BFFA029E382E500E879C2 /* PrintingPane.swift in Sources */ = {isa = PBXBuildFile; fileRef = 348BFF8629E382E500E879C2 /* PrintingPane.swift */; };
		348BFFA129E382E500E879C2 /* Pane.swift in Sources */ = {isa = PBXBuildFile; fileRef = 348BFF8829E382E500E879C2 /* Pane.swift */; };
		348BFFA229E382E500E879C2 /* StepperField.swift in Sources */ = {isa = PBXBuildFile; fileRef = 348BFF8929E382E500E879C2 /* StepperField.swift */; };
		348BFFA729E3832400E879C2 /* MainWindowView.swift in Sources */ = {isa = PBXBuildFile; fileRef = 348BFFA629E3832400E879C2 /* MainWindowView.swift */; };
/* End PBXBuildFile section */

/* Begin PBXCopyFilesBuildPhase section */
		34CE078F29DE09FD0087F0C0 /* Embed ExtensionKit Extensions */ = {
			isa = PBXCopyFilesBuildPhase;
			buildActionMask = 2147483647;
			dstPath = "$(EXTENSIONS_FOLDER_PATH)";
			dstSubfolderSpec = 16;
			files = (
			);
			name = "Embed ExtensionKit Extensions";
			runOnlyForDeploymentPostprocessing = 0;
		};
		34CE07B329DE0B620087F0C0 /* Embed Frameworks */ = {
			isa = PBXCopyFilesBuildPhase;
			buildActionMask = 2147483647;
			dstPath = "";
			dstSubfolderSpec = 10;
			files = (
			);
			name = "Embed Frameworks";
			runOnlyForDeploymentPostprocessing = 0;
		};
/* End PBXCopyFilesBuildPhase section */

/* Begin PBXFileReference section */
		3484748729D8763100195712 /* Defaulter.app */ = {isa = PBXFileReference; explicitFileType = wrapper.application; includeInIndex = 0; path = Defaulter.app; sourceTree = BUILT_PRODUCTS_DIR; };
		3484749E29D8772000195712 /* Defaulter.entitlements */ = {isa = PBXFileReference; lastKnownFileType = text.plist.entitlements; path = Defaulter.entitlements; sourceTree = "<group>"; };
		348BFF6129E382E500E879C2 /* SystemSettings.swift */ = {isa = PBXFileReference; fileEncoding = 4; lastKnownFileType = sourcecode.swift; path = SystemSettings.swift; sourceTree = "<group>"; };
		348BFF6229E382E500E879C2 /* DefaulterApp.swift */ = {isa = PBXFileReference; fileEncoding = 4; lastKnownFileType = sourcecode.swift; path = DefaulterApp.swift; sourceTree = "<group>"; };
		348BFF6B29E382E500E879C2 /* KeyboardPane.swift */ = {isa = PBXFileReference; fileEncoding = 4; lastKnownFileType = sourcecode.swift; path = KeyboardPane.swift; sourceTree = "<group>"; };
		348BFF6D29E382E500E879C2 /* LaunchpadPane.swift */ = {isa = PBXFileReference; fileEncoding = 4; lastKnownFileType = sourcecode.swift; path = LaunchpadPane.swift; sourceTree = "<group>"; };
		348BFF6F29E382E500E879C2 /* QuickLookPane.swift */ = {isa = PBXFileReference; fileEncoding = 4; lastKnownFileType = sourcecode.swift; path = QuickLookPane.swift; sourceTree = "<group>"; };
		348BFF7129E382E500E879C2 /* CrashReporterPane.swift */ = {isa = PBXFileReference; fileEncoding = 4; lastKnownFileType = sourcecode.swift; path = CrashReporterPane.swift; sourceTree = "<group>"; };
		348BFF7329E382E500E879C2 /* FinderPane.swift */ = {isa = PBXFileReference; fileEncoding = 4; lastKnownFileType = sourcecode.swift; path = FinderPane.swift; sourceTree = "<group>"; };
		348BFF7529E382E500E879C2 /* DockPane.swift */ = {isa = PBXFileReference; fileEncoding = 4; lastKnownFileType = sourcecode.swift; path = DockPane.swift; sourceTree = "<group>"; };
		348BFF7629E382E500E879C2 /* AddSpacerButton.swift */ = {isa = PBXFileReference; fileEncoding = 4; lastKnownFileType = sourcecode.swift; path = AddSpacerButton.swift; sourceTree = "<group>"; };
		348BFF7829E382E500E879C2 /* DesktopPane.swift */ = {isa = PBXFileReference; fileEncoding = 4; lastKnownFileType = sourcecode.swift; path = DesktopPane.swift; sourceTree = "<group>"; };
		348BFF7A29E382E500E879C2 /* SoftwareUpdatePane.swift */ = {isa = PBXFileReference; fileEncoding = 4; lastKnownFileType = sourcecode.swift; path = SoftwareUpdatePane.swift; sourceTree = "<group>"; };
		348BFF7C29E382E500E879C2 /* ScreenshotPane.swift */ = {isa = PBXFileReference; fileEncoding = 4; lastKnownFileType = sourcecode.swift; path = ScreenshotPane.swift; sourceTree = "<group>"; };
		348BFF7E29E382E500E879C2 /* BatteryPane.swift */ = {isa = PBXFileReference; fileEncoding = 4; lastKnownFileType = sourcecode.swift; path = BatteryPane.swift; sourceTree = "<group>"; };
		348BFF8029E382E500E879C2 /* TextEditPane.swift */ = {isa = PBXFileReference; fileEncoding = 4; lastKnownFileType = sourcecode.swift; path = TextEditPane.swift; sourceTree = "<group>"; };
		348BFF8229E382E500E879C2 /* WindowsPane.swift */ = {isa = PBXFileReference; fileEncoding = 4; lastKnownFileType = sourcecode.swift; path = WindowsPane.swift; sourceTree = "<group>"; };
		348BFF8429E382E500E879C2 /* MailPane.swift */ = {isa = PBXFileReference; fileEncoding = 4; lastKnownFileType = sourcecode.swift; path = MailPane.swift; sourceTree = "<group>"; };
		348BFF8629E382E500E879C2 /* PrintingPane.swift */ = {isa = PBXFileReference; fileEncoding = 4; lastKnownFileType = sourcecode.swift; path = PrintingPane.swift; sourceTree = "<group>"; };
		348BFF8829E382E500E879C2 /* Pane.swift */ = {isa = PBXFileReference; fileEncoding = 4; lastKnownFileType = sourcecode.swift; path = Pane.swift; sourceTree = "<group>"; };
		348BFF8929E382E500E879C2 /* StepperField.swift */ = {isa = PBXFileReference; fileEncoding = 4; lastKnownFileType = sourcecode.swift; path = StepperField.swift; sourceTree = "<group>"; };
		348BFFA629E3832400E879C2 /* MainWindowView.swift */ = {isa = PBXFileReference; fileEncoding = 4; lastKnownFileType = sourcecode.swift; path = MainWindowView.swift; sourceTree = "<group>"; };
/* End PBXFileReference section */

/* Begin PBXFrameworksBuildPhase section */
		3484748429D8763100195712 /* Frameworks */ = {
			isa = PBXFrameworksBuildPhase;
			buildActionMask = 2147483647;
			files = (
			);
			runOnlyForDeploymentPostprocessing = 0;
		};
/* End PBXFrameworksBuildPhase section */

/* Begin PBXGroup section */
		346A522F29EB207B00C3127A /* Resources */ = {
			isa = PBXGroup;
			children = (
			);
			name = Resources;
			path = "Preview Content/Resources";
			sourceTree = "<group>";
		};
		3484747E29D8763100195712 = {
			isa = PBXGroup;
			children = (
				3484748929D8763100195712 /* Defaulter */,
				3484748829D8763100195712 /* Products */,
			);
			sourceTree = "<group>";
		};
		3484748829D8763100195712 /* Products */ = {
			isa = PBXGroup;
			children = (
				3484748729D8763100195712 /* Defaulter.app */,
			);
			name = Products;
			sourceTree = "<group>";
		};
		3484748929D8763100195712 /* Defaulter */ = {
			isa = PBXGroup;
			children = (
				3484749E29D8772000195712 /* Defaulter.entitlements */,
				348BFF6229E382E500E879C2 /* DefaulterApp.swift */,
				348BFF5F29E382E500E879C2 /* Models */,
				348BFF6729E382E500E879C2 /* Views */,
				346A522F29EB207B00C3127A /* Resources */,
				348BFFA829E3835D00E879C2 /* Preview Content */,
			);
			path = Defaulter;
			sourceTree = "<group>";
		};
		348BFF5F29E382E500E879C2 /* Models */ = {
			isa = PBXGroup;
			children = (
				348BFF6029E382E500E879C2 /* System Settings */,
			);
			path = Models;
			sourceTree = "<group>";
		};
		348BFF6029E382E500E879C2 /* System Settings */ = {
			isa = PBXGroup;
			children = (
				348BFF6129E382E500E879C2 /* SystemSettings.swift */,
			);
			path = "System Settings";
			sourceTree = "<group>";
		};
		348BFF6729E382E500E879C2 /* Views */ = {
			isa = PBXGroup;
			children = (
				348BFFA629E3832400E879C2 /* MainWindowView.swift */,
				348BFF6929E382E500E879C2 /* Panes */,
				348BFF8729E382E500E879C2 /* Helpers */,
			);
			path = Views;
			sourceTree = "<group>";
		};
		348BFF6929E382E500E879C2 /* Panes */ = {
			isa = PBXGroup;
			children = (
				348BFF6A29E382E500E879C2 /* Keyboard Pane */,
				348BFF6C29E382E500E879C2 /* Launchpad Pane */,
				348BFF6E29E382E500E879C2 /* Quick Look Pane */,
				348BFF7029E382E500E879C2 /* Crash Reporter Pane */,
				348BFF7229E382E500E879C2 /* Finder Pane */,
				348BFF7429E382E500E879C2 /* Dock Pane */,
				348BFF7729E382E500E879C2 /* Desktop Pane */,
				348BFF7929E382E500E879C2 /* Software Update Pane */,
				348BFF7B29E382E500E879C2 /* Screenshot Pane */,
				348BFF7D29E382E500E879C2 /* Battery Pane */,
				348BFF7F29E382E500E879C2 /* TextEdit Pane */,
				348BFF8129E382E500E879C2 /* Windows Pane */,
				348BFF8329E382E500E879C2 /* Mail Pane */,
				348BFF8529E382E500E879C2 /* Printing Pane */,
			);
			path = Panes;
			sourceTree = "<group>";
		};
		348BFF6A29E382E500E879C2 /* Keyboard Pane */ = {
			isa = PBXGroup;
			children = (
				348BFF6B29E382E500E879C2 /* KeyboardPane.swift */,
			);
			path = "Keyboard Pane";
			sourceTree = "<group>";
		};
		348BFF6C29E382E500E879C2 /* Launchpad Pane */ = {
			isa = PBXGroup;
			children = (
				348BFF6D29E382E500E879C2 /* LaunchpadPane.swift */,
			);
			path = "Launchpad Pane";
			sourceTree = "<group>";
		};
		348BFF6E29E382E500E879C2 /* Quick Look Pane */ = {
			isa = PBXGroup;
			children = (
				348BFF6F29E382E500E879C2 /* QuickLookPane.swift */,
			);
			path = "Quick Look Pane";
			sourceTree = "<group>";
		};
		348BFF7029E382E500E879C2 /* Crash Reporter Pane */ = {
			isa = PBXGroup;
			children = (
				348BFF7129E382E500E879C2 /* CrashReporterPane.swift */,
			);
			path = "Crash Reporter Pane";
			sourceTree = "<group>";
		};
		348BFF7229E382E500E879C2 /* Finder Pane */ = {
			isa = PBXGroup;
			children = (
				348BFF7329E382E500E879C2 /* FinderPane.swift */,
			);
			path = "Finder Pane";
			sourceTree = "<group>";
		};
		348BFF7429E382E500E879C2 /* Dock Pane */ = {
			isa = PBXGroup;
			children = (
				348BFF7529E382E500E879C2 /* DockPane.swift */,
				348BFF7629E382E500E879C2 /* AddSpacerButton.swift */,
			);
			path = "Dock Pane";
			sourceTree = "<group>";
		};
		348BFF7729E382E500E879C2 /* Desktop Pane */ = {
			isa = PBXGroup;
			children = (
				348BFF7829E382E500E879C2 /* DesktopPane.swift */,
			);
			path = "Desktop Pane";
			sourceTree = "<group>";
		};
		348BFF7929E382E500E879C2 /* Software Update Pane */ = {
			isa = PBXGroup;
			children = (
				348BFF7A29E382E500E879C2 /* SoftwareUpdatePane.swift */,
			);
			path = "Software Update Pane";
			sourceTree = "<group>";
		};
		348BFF7B29E382E500E879C2 /* Screenshot Pane */ = {
			isa = PBXGroup;
			children = (
				348BFF7C29E382E500E879C2 /* ScreenshotPane.swift */,
			);
			path = "Screenshot Pane";
			sourceTree = "<group>";
		};
		348BFF7D29E382E500E879C2 /* Battery Pane */ = {
			isa = PBXGroup;
			children = (
				348BFF7E29E382E500E879C2 /* BatteryPane.swift */,
			);
			path = "Battery Pane";
			sourceTree = "<group>";
		};
		348BFF7F29E382E500E879C2 /* TextEdit Pane */ = {
			isa = PBXGroup;
			children = (
				348BFF8029E382E500E879C2 /* TextEditPane.swift */,
			);
			path = "TextEdit Pane";
			sourceTree = "<group>";
		};
		348BFF8129E382E500E879C2 /* Windows Pane */ = {
			isa = PBXGroup;
			children = (
				348BFF8229E382E500E879C2 /* WindowsPane.swift */,
			);
			path = "Windows Pane";
			sourceTree = "<group>";
		};
		348BFF8329E382E500E879C2 /* Mail Pane */ = {
			isa = PBXGroup;
			children = (
				348BFF8429E382E500E879C2 /* MailPane.swift */,
			);
			path = "Mail Pane";
			sourceTree = "<group>";
		};
		348BFF8529E382E500E879C2 /* Printing Pane */ = {
			isa = PBXGroup;
			children = (
				348BFF8629E382E500E879C2 /* PrintingPane.swift */,
			);
			path = "Printing Pane";
			sourceTree = "<group>";
		};
		348BFF8729E382E500E879C2 /* Helpers */ = {
			isa = PBXGroup;
			children = (
				348BFF8829E382E500E879C2 /* Pane.swift */,
				348BFF8929E382E500E879C2 /* StepperField.swift */,
			);
			path = Helpers;
			sourceTree = "<group>";
		};
		348BFFA829E3835D00E879C2 /* Preview Content */ = {
			isa = PBXGroup;
			children = (
			);
			path = "Preview Content";
			sourceTree = "<group>";
		};
/* End PBXGroup section */

/* Begin PBXNativeTarget section */
		3484748629D8763100195712 /* Defaulter */ = {
			isa = PBXNativeTarget;
			buildConfigurationList = 3484749629D8763200195712 /* Build configuration list for PBXNativeTarget "Defaulter" */;
			buildPhases = (
				3484748329D8763100195712 /* Sources */,
				3484748429D8763100195712 /* Frameworks */,
				3484748529D8763100195712 /* Resources */,
				34CE078F29DE09FD0087F0C0 /* Embed ExtensionKit Extensions */,
				34CE07B329DE0B620087F0C0 /* Embed Frameworks */,
			);
			buildRules = (
			);
			dependencies = (
			);
			name = Defaulter;
			productName = Defaulter;
			productReference = 3484748729D8763100195712 /* Defaulter.app */;
			productType = "com.apple.product-type.application";
		};
/* End PBXNativeTarget section */

/* Begin PBXProject section */
		3484747F29D8763100195712 /* Project object */ = {
			isa = PBXProject;
			attributes = {
				BuildIndependentTargetsInParallel = 1;
				LastSwiftUpdateCheck = 1430;
				LastUpgradeCheck = 1430;
				TargetAttributes = {
					3484748629D8763100195712 = {
						CreatedOnToolsVersion = 14.3;
						LastSwiftMigration = 1430;
					};
				};
			};
			buildConfigurationList = 3484748229D8763100195712 /* Build configuration list for PBXProject "Defaulter" */;
			compatibilityVersion = "Xcode 14.0";
			developmentRegion = en;
			hasScannedForEncodings = 0;
			knownRegions = (
				en,
				Base,
			);
			mainGroup = 3484747E29D8763100195712;
			productRefGroup = 3484748829D8763100195712 /* Products */;
			projectDirPath = "";
			projectRoot = "";
			targets = (
				3484748629D8763100195712 /* Defaulter */,
			);
		};
/* End PBXProject section */

/* Begin PBXResourcesBuildPhase section */
		3484748529D8763100195712 /* Resources */ = {
			isa = PBXResourcesBuildPhase;
			buildActionMask = 2147483647;
			files = (
			);
			runOnlyForDeploymentPostprocessing = 0;
		};
/* End PBXResourcesBuildPhase section */

/* Begin PBXSourcesBuildPhase section */
		3484748329D8763100195712 /* Sources */ = {
			isa = PBXSourcesBuildPhase;
			buildActionMask = 2147483647;
			files = (
				348BFFA229E382E500E879C2 /* StepperField.swift in Sources */,
				348BFF9C29E382E500E879C2 /* BatteryPane.swift in Sources */,
				348BFFA029E382E500E879C2 /* PrintingPane.swift in Sources */,
				348BFF9A29E382E500E879C2 /* SoftwareUpdatePane.swift in Sources */,
				348BFF9729E382E500E879C2 /* DockPane.swift in Sources */,
				348BFF8D29E382E500E879C2 /* DefaulterApp.swift in Sources */,
				348BFF9829E382E500E879C2 /* AddSpacerButton.swift in Sources */,
				348BFFA729E3832400E879C2 /* MainWindowView.swift in Sources */,
				348BFF9529E382E500E879C2 /* CrashReporterPane.swift in Sources */,
				348BFF9229E382E500E879C2 /* KeyboardPane.swift in Sources */,
				348BFF9929E382E500E879C2 /* DesktopPane.swift in Sources */,
				348BFF8C29E382E500E879C2 /* SystemSettings.swift in Sources */,
				348BFF9429E382E500E879C2 /* QuickLookPane.swift in Sources */,
				348BFFA129E382E500E879C2 /* Pane.swift in Sources */,
				348BFF9F29E382E500E879C2 /* MailPane.swift in Sources */,
				348BFF9E29E382E500E879C2 /* WindowsPane.swift in Sources */,
				348BFF9B29E382E500E879C2 /* ScreenshotPane.swift in Sources */,
				348BFF9329E382E500E879C2 /* LaunchpadPane.swift in Sources */,
				348BFF9629E382E500E879C2 /* FinderPane.swift in Sources */,
				348BFF9D29E382E500E879C2 /* TextEditPane.swift in Sources */,
			);
			runOnlyForDeploymentPostprocessing = 0;
		};
/* End PBXSourcesBuildPhase section */

/* Begin XCBuildConfiguration section */
		3484749429D8763200195712 /* Debug */ = {
			isa = XCBuildConfiguration;
			buildSettings = {
				ALWAYS_SEARCH_USER_PATHS = NO;
				CLANG_ANALYZER_NONNULL = YES;
				CLANG_ANALYZER_NUMBER_OBJECT_CONVERSION = YES_AGGRESSIVE;
				CLANG_CXX_LANGUAGE_STANDARD = "gnu++20";
				CLANG_ENABLE_MODULES = YES;
				CLANG_ENABLE_OBJC_ARC = YES;
				CLANG_ENABLE_OBJC_WEAK = YES;
				CLANG_WARN_BLOCK_CAPTURE_AUTORELEASING = YES;
				CLANG_WARN_BOOL_CONVERSION = YES;
				CLANG_WARN_COMMA = YES;
				CLANG_WARN_CONSTANT_CONVERSION = YES;
				CLANG_WARN_DEPRECATED_OBJC_IMPLEMENTATIONS = YES;
				CLANG_WARN_DIRECT_OBJC_ISA_USAGE = YES_ERROR;
				CLANG_WARN_DOCUMENTATION_COMMENTS = YES;
				CLANG_WARN_EMPTY_BODY = YES;
				CLANG_WARN_ENUM_CONVERSION = YES;
				CLANG_WARN_INFINITE_RECURSION = YES;
				CLANG_WARN_INT_CONVERSION = YES;
				CLANG_WARN_NON_LITERAL_NULL_CONVERSION = YES;
				CLANG_WARN_OBJC_IMPLICIT_RETAIN_SELF = YES;
				CLANG_WARN_OBJC_LITERAL_CONVERSION = YES;
				CLANG_WARN_OBJC_ROOT_CLASS = YES_ERROR;
				CLANG_WARN_QUOTED_INCLUDE_IN_FRAMEWORK_HEADER = YES;
				CLANG_WARN_RANGE_LOOP_ANALYSIS = YES;
				CLANG_WARN_STRICT_PROTOTYPES = YES;
				CLANG_WARN_SUSPICIOUS_MOVE = YES;
				CLANG_WARN_UNGUARDED_AVAILABILITY = YES_AGGRESSIVE;
				CLANG_WARN_UNREACHABLE_CODE = YES;
				CLANG_WARN__DUPLICATE_METHOD_MATCH = YES;
				COPY_PHASE_STRIP = NO;
				DEBUG_INFORMATION_FORMAT = dwarf;
				ENABLE_STRICT_OBJC_MSGSEND = YES;
				ENABLE_TESTABILITY = YES;
				GCC_C_LANGUAGE_STANDARD = gnu11;
				GCC_DYNAMIC_NO_PIC = NO;
				GCC_NO_COMMON_BLOCKS = YES;
				GCC_OPTIMIZATION_LEVEL = 0;
				GCC_PREPROCESSOR_DEFINITIONS = (
					"DEBUG=1",
					"$(inherited)",
				);
				GCC_WARN_64_TO_32_BIT_CONVERSION = YES;
				GCC_WARN_ABOUT_RETURN_TYPE = YES_ERROR;
				GCC_WARN_UNDECLARED_SELECTOR = YES;
				GCC_WARN_UNINITIALIZED_AUTOS = YES_AGGRESSIVE;
				GCC_WARN_UNUSED_FUNCTION = YES;
				GCC_WARN_UNUSED_VARIABLE = YES;
				MACOSX_DEPLOYMENT_TARGET = 13.3;
				MTL_ENABLE_DEBUG_INFO = INCLUDE_SOURCE;
				MTL_FAST_MATH = YES;
				ONLY_ACTIVE_ARCH = YES;
				SDKROOT = macosx;
				SWIFT_ACTIVE_COMPILATION_CONDITIONS = DEBUG;
				SWIFT_OPTIMIZATION_LEVEL = "-Onone";
			};
			name = Debug;
		};
		3484749529D8763200195712 /* Release */ = {
			isa = XCBuildConfiguration;
			buildSettings = {
				ALWAYS_SEARCH_USER_PATHS = NO;
				CLANG_ANALYZER_NONNULL = YES;
				CLANG_ANALYZER_NUMBER_OBJECT_CONVERSION = YES_AGGRESSIVE;
				CLANG_CXX_LANGUAGE_STANDARD = "gnu++20";
				CLANG_ENABLE_MODULES = YES;
				CLANG_ENABLE_OBJC_ARC = YES;
				CLANG_ENABLE_OBJC_WEAK = YES;
				CLANG_WARN_BLOCK_CAPTURE_AUTORELEASING = YES;
				CLANG_WARN_BOOL_CONVERSION = YES;
				CLANG_WARN_COMMA = YES;
				CLANG_WARN_CONSTANT_CONVERSION = YES;
				CLANG_WARN_DEPRECATED_OBJC_IMPLEMENTATIONS = YES;
				CLANG_WARN_DIRECT_OBJC_ISA_USAGE = YES_ERROR;
				CLANG_WARN_DOCUMENTATION_COMMENTS = YES;
				CLANG_WARN_EMPTY_BODY = YES;
				CLANG_WARN_ENUM_CONVERSION = YES;
				CLANG_WARN_INFINITE_RECURSION = YES;
				CLANG_WARN_INT_CONVERSION = YES;
				CLANG_WARN_NON_LITERAL_NULL_CONVERSION = YES;
				CLANG_WARN_OBJC_IMPLICIT_RETAIN_SELF = YES;
				CLANG_WARN_OBJC_LITERAL_CONVERSION = YES;
				CLANG_WARN_OBJC_ROOT_CLASS = YES_ERROR;
				CLANG_WARN_QUOTED_INCLUDE_IN_FRAMEWORK_HEADER = YES;
				CLANG_WARN_RANGE_LOOP_ANALYSIS = YES;
				CLANG_WARN_STRICT_PROTOTYPES = YES;
				CLANG_WARN_SUSPICIOUS_MOVE = YES;
				CLANG_WARN_UNGUARDED_AVAILABILITY = YES_AGGRESSIVE;
				CLANG_WARN_UNREACHABLE_CODE = YES;
				CLANG_WARN__DUPLICATE_METHOD_MATCH = YES;
				COPY_PHASE_STRIP = NO;
				DEBUG_INFORMATION_FORMAT = "dwarf-with-dsym";
				ENABLE_NS_ASSERTIONS = NO;
				ENABLE_STRICT_OBJC_MSGSEND = YES;
				GCC_C_LANGUAGE_STANDARD = gnu11;
				GCC_NO_COMMON_BLOCKS = YES;
				GCC_WARN_64_TO_32_BIT_CONVERSION = YES;
				GCC_WARN_ABOUT_RETURN_TYPE = YES_ERROR;
				GCC_WARN_UNDECLARED_SELECTOR = YES;
				GCC_WARN_UNINITIALIZED_AUTOS = YES_AGGRESSIVE;
				GCC_WARN_UNUSED_FUNCTION = YES;
				GCC_WARN_UNUSED_VARIABLE = YES;
				MACOSX_DEPLOYMENT_TARGET = 13.3;
				MTL_ENABLE_DEBUG_INFO = NO;
				MTL_FAST_MATH = YES;
				SDKROOT = macosx;
				SWIFT_COMPILATION_MODE = wholemodule;
				SWIFT_OPTIMIZATION_LEVEL = "-O";
			};
			name = Release;
		};
		3484749729D8763200195712 /* Debug */ = {
			isa = XCBuildConfiguration;
			buildSettings = {
				ASSETCATALOG_COMPILER_APPICON_NAME = AppIcon;
				ASSETCATALOG_COMPILER_GLOBAL_ACCENT_COLOR_NAME = AccentColor;
				CLANG_ENABLE_MODULES = YES;
				CODE_SIGN_ENTITLEMENTS = Defaulter/Defaulter.entitlements;
				CODE_SIGN_STYLE = Automatic;
				COMBINE_HIDPI_IMAGES = YES;
				CURRENT_PROJECT_VERSION = 1;
				DEVELOPMENT_ASSET_PATHS = "\"Defaulter/Preview Content\"";
				DEVELOPMENT_TEAM = Z3G8V4ANYY;
				ENABLE_HARDENED_RUNTIME = YES;
				ENABLE_PREVIEWS = YES;
				GENERATE_INFOPLIST_FILE = YES;
				INFOPLIST_KEY_NSHumanReadableCopyright = "Copyright ©2023 Kaleb Ascevich";
				LD_RUNPATH_SEARCH_PATHS = (
					"$(inherited)",
					"@executable_path/../Frameworks",
				);
				MARKETING_VERSION = 1.0;
				PRODUCT_BUNDLE_IDENTIFIER = com.kascevich.Defaulter;
				PRODUCT_NAME = "$(TARGET_NAME)";
				SWIFT_EMIT_LOC_STRINGS = YES;
				SWIFT_OPTIMIZATION_LEVEL = "-Onone";
				SWIFT_VERSION = 5.0;
			};
			name = Debug;
		};
		3484749829D8763200195712 /* Release */ = {
			isa = XCBuildConfiguration;
			buildSettings = {
				ASSETCATALOG_COMPILER_APPICON_NAME = AppIcon;
				ASSETCATALOG_COMPILER_GLOBAL_ACCENT_COLOR_NAME = AccentColor;
				CLANG_ENABLE_MODULES = YES;
				CODE_SIGN_ENTITLEMENTS = Defaulter/Defaulter.entitlements;
				CODE_SIGN_STYLE = Automatic;
				COMBINE_HIDPI_IMAGES = YES;
				CURRENT_PROJECT_VERSION = 1;
				DEVELOPMENT_ASSET_PATHS = "\"Defaulter/Preview Content\"";
				DEVELOPMENT_TEAM = Z3G8V4ANYY;
				ENABLE_HARDENED_RUNTIME = YES;
				ENABLE_PREVIEWS = YES;
				GENERATE_INFOPLIST_FILE = YES;
				INFOPLIST_KEY_NSHumanReadableCopyright = "Copyright ©2023 Kaleb Ascevich";
				LD_RUNPATH_SEARCH_PATHS = (
					"$(inherited)",
					"@executable_path/../Frameworks",
				);
				MARKETING_VERSION = 1.0;
				PRODUCT_BUNDLE_IDENTIFIER = com.kascevich.Defaulter;
				PRODUCT_NAME = "$(TARGET_NAME)";
				SWIFT_EMIT_LOC_STRINGS = YES;
				SWIFT_VERSION = 5.0;
			};
			name = Release;
		};
/* End XCBuildConfiguration section */

/* Begin XCConfigurationList section */
		3484748229D8763100195712 /* Build configuration list for PBXProject "Defaulter" */ = {
			isa = XCConfigurationList;
			buildConfigurations = (
				3484749429D8763200195712 /* Debug */,
				3484749529D8763200195712 /* Release */,
			);
			defaultConfigurationIsVisible = 0;
			defaultConfigurationName = Release;
		};
		3484749629D8763200195712 /* Build configuration list for PBXNativeTarget "Defaulter" */ = {
			isa = XCConfigurationList;
			buildConfigurations = (
				3484749729D8763200195712 /* Debug */,
				3484749829D8763200195712 /* Release */,
			);
			defaultConfigurationIsVisible = 0;
			defaultConfigurationName = Release;
		};
/* End XCConfigurationList section */
	};
	rootObject = 3484747F29D8763100195712 /* Project object */;
}
